PODS:
  - Alamofire (5.4.1)
  - CalendarKit (0.14.8)
  - Kingfisher (6.2.1)
  - lottie-ios (3.2.1)
  - Moya (14.0.0):
    - Moya/Core (= 14.0.0)
  - Moya/Core (14.0.0):
    - Alamofire (~> 5.0)
  - SwiftLint (0.43.0)

DEPENDENCIES:
  - CalendarKit
  - Kingfisher
  - lottie-ios
  - Moya (~> 14.0)
  - SwiftLint

SPEC REPOS:
  trunk:
    - Alamofire
    - CalendarKit
    - Kingfisher
    - lottie-ios
    - Moya
    - SwiftLint

SPEC CHECKSUMS:
  Alamofire: 2291f7d21ca607c491dd17642e5d40fdcda0e65c
  CalendarKit: 8553ffed9f2d323c27833b33472978febd07b7b6
  Kingfisher: e71c6fac2aebb1262888cabc2cb13d313362a48f
  lottie-ios: 106e92eaf11fbed0a76590b4cdb9b5ec26123ff7
  Moya: 5b45dacb75adb009f97fde91c204c1e565d31916
  SwiftLint: 0c645fdc6feed3e390c1701ab3cc669f88b42752

PODFILE CHECKSUM: dbfe8bb9f3bc1679960a1434e7ab3f1288b85ca4

COCOAPODS: 1.10.1
