// !$*UTF8*$!
{
	archiveVersion = 1;
	classes = {
	};
	objectVersion = 50;
	objects = {

/* Begin PBXBuildFile section */
		9EA657C224880CE900F7952A /* ErrorsConstants.swift in Sources */ = {isa = PBXBuildFile; fileRef = 9EA657C124880CE900F7952A /* ErrorsConstants.swift */; };
		9EB14F3C2485048B0085E885 /* AppDelegate.swift in Sources */ = {isa = PBXBuildFile; fileRef = 9EB14F3B2485048B0085E885 /* AppDelegate.swift */; };
		9EB14F452485048C0085E885 /* Assets.xcassets in Resources */ = {isa = PBXBuildFile; fileRef = 9EB14F442485048C0085E885 /* Assets.xcassets */; };
		9EB14F482485048C0085E885 /* LaunchScreen.storyboard in Resources */ = {isa = PBXBuildFile; fileRef = 9EB14F462485048C0085E885 /* LaunchScreen.storyboard */; };
		9EB17D6A24850D5A004E5FBD /* Localizable.strings in Resources */ = {isa = PBXBuildFile; fileRef = 9EB17D6C24850D5A004E5FBD /* Localizable.strings */; };
		9EB17D7424850EF7004E5FBD /* LocalizableConstants.swift in Sources */ = {isa = PBXBuildFile; fileRef = 9EB17D7324850EF7004E5FBD /* LocalizableConstants.swift */; };
		B4AD2AA673D0E8FDDD1649AA /* Pods_Turno.framework in Frameworks */ = {isa = PBXBuildFile; fileRef = 60536D8BBF639461D5CB90FC /* Pods_Turno.framework */; };
/* End PBXBuildFile section */

/* Begin PBXFileReference section */
		26B861CAA643CE1819EB03EB /* Pods-Turno.release.xcconfig */ = {isa = PBXFileReference; includeInIndex = 1; lastKnownFileType = text.xcconfig; name = "Pods-Turno.release.xcconfig"; path = "Target Support Files/Pods-Turno/Pods-Turno.release.xcconfig"; sourceTree = "<group>"; };
		60536D8BBF639461D5CB90FC /* Pods_Turno.framework */ = {isa = PBXFileReference; explicitFileType = wrapper.framework; includeInIndex = 0; path = Pods_Turno.framework; sourceTree = BUILT_PRODUCTS_DIR; };
		9EA657C124880CE900F7952A /* ErrorsConstants.swift */ = {isa = PBXFileReference; lastKnownFileType = sourcecode.swift; path = ErrorsConstants.swift; sourceTree = "<group>"; };
		9EB14F382485048B0085E885 /* Turno.app */ = {isa = PBXFileReference; explicitFileType = wrapper.application; includeInIndex = 0; path = Turno.app; sourceTree = BUILT_PRODUCTS_DIR; };
		9EB14F3B2485048B0085E885 /* AppDelegate.swift */ = {isa = PBXFileReference; lastKnownFileType = sourcecode.swift; path = AppDelegate.swift; sourceTree = "<group>"; };
		9EB14F442485048C0085E885 /* Assets.xcassets */ = {isa = PBXFileReference; lastKnownFileType = folder.assetcatalog; path = Assets.xcassets; sourceTree = "<group>"; };
		9EB14F472485048C0085E885 /* Base */ = {isa = PBXFileReference; lastKnownFileType = file.storyboard; name = Base; path = Base.lproj/LaunchScreen.storyboard; sourceTree = "<group>"; };
		9EB14F492485048C0085E885 /* Info.plist */ = {isa = PBXFileReference; lastKnownFileType = text.plist.xml; path = Info.plist; sourceTree = "<group>"; };
		9EB17D6B24850D5A004E5FBD /* en */ = {isa = PBXFileReference; lastKnownFileType = text.plist.strings; name = en; path = en.lproj/Localizable.strings; sourceTree = "<group>"; };
		9EB17D6D24850D62004E5FBD /* es */ = {isa = PBXFileReference; lastKnownFileType = text.plist.strings; name = es; path = es.lproj/Localizable.strings; sourceTree = "<group>"; };
		9EB17D6E24850D68004E5FBD /* ar */ = {isa = PBXFileReference; lastKnownFileType = text.plist.strings; name = ar; path = ar.lproj/Localizable.strings; sourceTree = "<group>"; };
		9EB17D6F24850D6E004E5FBD /* he */ = {isa = PBXFileReference; lastKnownFileType = text.plist.strings; name = he; path = he.lproj/Localizable.strings; sourceTree = "<group>"; };
		9EB17D7024850D73004E5FBD /* ru */ = {isa = PBXFileReference; lastKnownFileType = text.plist.strings; name = ru; path = ru.lproj/Localizable.strings; sourceTree = "<group>"; };
		9EB17D7324850EF7004E5FBD /* LocalizableConstants.swift */ = {isa = PBXFileReference; lastKnownFileType = sourcecode.swift; path = LocalizableConstants.swift; sourceTree = "<group>"; };
		C163364AA1CFF3575881BBA7 /* Pods-Turno.debug.xcconfig */ = {isa = PBXFileReference; includeInIndex = 1; lastKnownFileType = text.xcconfig; name = "Pods-Turno.debug.xcconfig"; path = "Target Support Files/Pods-Turno/Pods-Turno.debug.xcconfig"; sourceTree = "<group>"; };
/* End PBXFileReference section */

/* Begin PBXFrameworksBuildPhase section */
		9EB14F352485048B0085E885 /* Frameworks */ = {
			isa = PBXFrameworksBuildPhase;
			buildActionMask = 2147483647;
			files = (
				B4AD2AA673D0E8FDDD1649AA /* Pods_Turno.framework in Frameworks */,
			);
			runOnlyForDeploymentPostprocessing = 0;
		};
/* End PBXFrameworksBuildPhase section */

/* Begin PBXGroup section */
		3F2593CE1928AAC6FA9E38DA /* Pods */ = {
			isa = PBXGroup;
			children = (
				C163364AA1CFF3575881BBA7 /* Pods-Turno.debug.xcconfig */,
				26B861CAA643CE1819EB03EB /* Pods-Turno.release.xcconfig */,
			);
			path = Pods;
			sourceTree = "<group>";
		};
		9EB14F2F2485048B0085E885 = {
			isa = PBXGroup;
			children = (
				9EB14F3A2485048B0085E885 /* Turno */,
				9EB14F392485048B0085E885 /* Products */,
				3F2593CE1928AAC6FA9E38DA /* Pods */,
				E9B9522BF55F13CFC4C97976 /* Frameworks */,
			);
			sourceTree = "<group>";
		};
		9EB14F392485048B0085E885 /* Products */ = {
			isa = PBXGroup;
			children = (
				9EB14F382485048B0085E885 /* Turno.app */,
			);
			name = Products;
			sourceTree = "<group>";
		};
		9EB14F3A2485048B0085E885 /* Turno */ = {
			isa = PBXGroup;
			children = (
				9EB14F3B2485048B0085E885 /* AppDelegate.swift */,
				9EB14F462485048C0085E885 /* LaunchScreen.storyboard */,
				9EB14F492485048C0085E885 /* Info.plist */,
				9EB17D7124850EE6004E5FBD /* Helpers */,
				9EB17D6924850D3B004E5FBD /* Resources */,
			);
			path = Turno;
			sourceTree = "<group>";
		};
		9EB17D6924850D3B004E5FBD /* Resources */ = {
			isa = PBXGroup;
			children = (
				9EB14F442485048C0085E885 /* Assets.xcassets */,
				9EB17D6C24850D5A004E5FBD /* Localizable.strings */,
			);
			path = Resources;
			sourceTree = "<group>";
		};
		9EB17D7124850EE6004E5FBD /* Helpers */ = {
			isa = PBXGroup;
			children = (
				9EB17D7224850EEA004E5FBD /* Constants */,
			);
			path = Helpers;
			sourceTree = "<group>";
		};
		9EB17D7224850EEA004E5FBD /* Constants */ = {
			isa = PBXGroup;
			children = (
				9EB17D7324850EF7004E5FBD /* LocalizableConstants.swift */,
				9EA657C124880CE900F7952A /* ErrorsConstants.swift */,
			);
			path = Constants;
			sourceTree = "<group>";
		};
		E9B9522BF55F13CFC4C97976 /* Frameworks */ = {
			isa = PBXGroup;
			children = (
				60536D8BBF639461D5CB90FC /* Pods_Turno.framework */,
			);
			name = Frameworks;
			sourceTree = "<group>";
		};
/* End PBXGroup section */

/* Begin PBXNativeTarget section */
		9EB14F372485048B0085E885 /* Turno */ = {
			isa = PBXNativeTarget;
			buildConfigurationList = 9EB14F4C2485048C0085E885 /* Build configuration list for PBXNativeTarget "Turno" */;
			buildPhases = (
				285735723A18C81D7A35F869 /* [CP] Check Pods Manifest.lock */,
				9EB14F4F248506FE0085E885 /* SwiftLint */,
				9EB14F342485048B0085E885 /* Sources */,
				9EB14F352485048B0085E885 /* Frameworks */,
				9EB14F362485048B0085E885 /* Resources */,
			);
			buildRules = (
			);
			dependencies = (
			);
			name = Turno;
			productName = Turno;
			productReference = 9EB14F382485048B0085E885 /* Turno.app */;
			productType = "com.apple.product-type.application";
		};
/* End PBXNativeTarget section */

/* Begin PBXProject section */
		9EB14F302485048B0085E885 /* Project object */ = {
			isa = PBXProject;
			attributes = {
				LastSwiftUpdateCheck = 1150;
				LastUpgradeCheck = 1150;
				ORGANIZATIONNAME = "Anan Sadiya";
				TargetAttributes = {
					9EB14F372485048B0085E885 = {
						CreatedOnToolsVersion = 11.5;
					};
				};
			};
			buildConfigurationList = 9EB14F332485048B0085E885 /* Build configuration list for PBXProject "Turno" */;
			compatibilityVersion = "Xcode 9.3";
			developmentRegion = en;
			hasScannedForEncodings = 0;
			knownRegions = (
				en,
				Base,
				es,
				ar,
				he,
				ru,
			);
			mainGroup = 9EB14F2F2485048B0085E885;
			productRefGroup = 9EB14F392485048B0085E885 /* Products */;
			projectDirPath = "";
			projectRoot = "";
			targets = (
				9EB14F372485048B0085E885 /* Turno */,
			);
		};
/* End PBXProject section */

/* Begin PBXResourcesBuildPhase section */
		9EB14F362485048B0085E885 /* Resources */ = {
			isa = PBXResourcesBuildPhase;
			buildActionMask = 2147483647;
			files = (
				9EB14F482485048C0085E885 /* LaunchScreen.storyboard in Resources */,
				9EB17D6A24850D5A004E5FBD /* Localizable.strings in Resources */,
				9EB14F452485048C0085E885 /* Assets.xcassets in Resources */,
			);
			runOnlyForDeploymentPostprocessing = 0;
		};
/* End PBXResourcesBuildPhase section */

/* Begin PBXShellScriptBuildPhase section */
		285735723A18C81D7A35F869 /* [CP] Check Pods Manifest.lock */ = {
			isa = PBXShellScriptBuildPhase;
			buildActionMask = 2147483647;
			files = (
			);
			inputFileListPaths = (
			);
			inputPaths = (
				"${PODS_PODFILE_DIR_PATH}/Podfile.lock",
				"${PODS_ROOT}/Manifest.lock",
			);
			name = "[CP] Check Pods Manifest.lock";
			outputFileListPaths = (
			);
			outputPaths = (
				"$(DERIVED_FILE_DIR)/Pods-Turno-checkManifestLockResult.txt",
			);
			runOnlyForDeploymentPostprocessing = 0;
			shellPath = /bin/sh;
			shellScript = "diff \"${PODS_PODFILE_DIR_PATH}/Podfile.lock\" \"${PODS_ROOT}/Manifest.lock\" > /dev/null\nif [ $? != 0 ] ; then\n    # print error to STDERR\n    echo \"error: The sandbox is not in sync with the Podfile.lock. Run 'pod install' or update your CocoaPods installation.\" >&2\n    exit 1\nfi\n# This output is used by Xcode 'outputs' to avoid re-running this script phase.\necho \"SUCCESS\" > \"${SCRIPT_OUTPUT_FILE_0}\"\n";
			showEnvVarsInLog = 0;
		};
		9EB14F4F248506FE0085E885 /* SwiftLint */ = {
			isa = PBXShellScriptBuildPhase;
			buildActionMask = 2147483647;
			files = (
			);
			inputFileListPaths = (
			);
			inputPaths = (
			);
			name = SwiftLint;
			outputFileListPaths = (
			);
			outputPaths = (
			);
			runOnlyForDeploymentPostprocessing = 0;
			shellPath = /bin/sh;
			shellScript = "\"${PODS_ROOT}/SwiftLint/swiftlint\"\n";
		};
/* End PBXShellScriptBuildPhase section */

/* Begin PBXSourcesBuildPhase section */
		9EB14F342485048B0085E885 /* Sources */ = {
			isa = PBXSourcesBuildPhase;
			buildActionMask = 2147483647;
			files = (
				9EB17D7424850EF7004E5FBD /* LocalizableConstants.swift in Sources */,
				9EA657C224880CE900F7952A /* ErrorsConstants.swift in Sources */,
				9EB14F3C2485048B0085E885 /* AppDelegate.swift in Sources */,
			);
			runOnlyForDeploymentPostprocessing = 0;
		};
/* End PBXSourcesBuildPhase section */

/* Begin PBXVariantGroup section */
		9EB14F462485048C0085E885 /* LaunchScreen.storyboard */ = {
			isa = PBXVariantGroup;
			children = (
				9EB14F472485048C0085E885 /* Base */,
			);
			name = LaunchScreen.storyboard;
			sourceTree = "<group>";
		};
		9EB17D6C24850D5A004E5FBD /* Localizable.strings */ = {
			isa = PBXVariantGroup;
			children = (
				9EB17D6B24850D5A004E5FBD /* en */,
				9EB17D6D24850D62004E5FBD /* es */,
				9EB17D6E24850D68004E5FBD /* ar */,
				9EB17D6F24850D6E004E5FBD /* he */,
				9EB17D7024850D73004E5FBD /* ru */,
			);
			name = Localizable.strings;
			sourceTree = "<group>";
		};
/* End PBXVariantGroup section */

/* Begin XCBuildConfiguration section */
		9EB14F4A2485048C0085E885 /* Debug */ = {
			isa = XCBuildConfiguration;
			buildSettings = {
				ALWAYS_SEARCH_USER_PATHS = NO;
				CLANG_ANALYZER_LOCALIZABILITY_NONLOCALIZED = YES;
				CLANG_ANALYZER_NONNULL = YES;
				CLANG_ANALYZER_NUMBER_OBJECT_CONVERSION = YES_AGGRESSIVE;
				CLANG_CXX_LANGUAGE_STANDARD = "gnu++14";
				CLANG_CXX_LIBRARY = "libc++";
				CLANG_ENABLE_MODULES = YES;
				CLANG_ENABLE_OBJC_ARC = YES;
				CLANG_ENABLE_OBJC_WEAK = YES;
				CLANG_WARN_BLOCK_CAPTURE_AUTORELEASING = YES;
				CLANG_WARN_BOOL_CONVERSION = YES;
				CLANG_WARN_COMMA = YES;
				CLANG_WARN_CONSTANT_CONVERSION = YES;
				CLANG_WARN_DEPRECATED_OBJC_IMPLEMENTATIONS = YES;
				CLANG_WARN_DIRECT_OBJC_ISA_USAGE = YES_ERROR;
				CLANG_WARN_DOCUMENTATION_COMMENTS = YES;
				CLANG_WARN_EMPTY_BODY = YES;
				CLANG_WARN_ENUM_CONVERSION = YES;
				CLANG_WARN_INFINITE_RECURSION = YES;
				CLANG_WARN_INT_CONVERSION = YES;
				CLANG_WARN_NON_LITERAL_NULL_CONVERSION = YES;
				CLANG_WARN_OBJC_IMPLICIT_RETAIN_SELF = YES;
				CLANG_WARN_OBJC_LITERAL_CONVERSION = YES;
				CLANG_WARN_OBJC_ROOT_CLASS = YES_ERROR;
				CLANG_WARN_RANGE_LOOP_ANALYSIS = YES;
				CLANG_WARN_STRICT_PROTOTYPES = YES;
				CLANG_WARN_SUSPICIOUS_MOVE = YES;
				CLANG_WARN_UNGUARDED_AVAILABILITY = YES_AGGRESSIVE;
				CLANG_WARN_UNREACHABLE_CODE = YES;
				CLANG_WARN__DUPLICATE_METHOD_MATCH = YES;
				COPY_PHASE_STRIP = NO;
				DEBUG_INFORMATION_FORMAT = dwarf;
				ENABLE_STRICT_OBJC_MSGSEND = YES;
				ENABLE_TESTABILITY = YES;
				GCC_C_LANGUAGE_STANDARD = gnu11;
				GCC_DYNAMIC_NO_PIC = NO;
				GCC_NO_COMMON_BLOCKS = YES;
				GCC_OPTIMIZATION_LEVEL = 0;
				GCC_PREPROCESSOR_DEFINITIONS = (
					"DEBUG=1",
					"$(inherited)",
				);
				GCC_WARN_64_TO_32_BIT_CONVERSION = YES;
				GCC_WARN_ABOUT_RETURN_TYPE = YES_ERROR;
				GCC_WARN_UNDECLARED_SELECTOR = YES;
				GCC_WARN_UNINITIALIZED_AUTOS = YES_AGGRESSIVE;
				GCC_WARN_UNUSED_FUNCTION = YES;
				GCC_WARN_UNUSED_VARIABLE = YES;
				IPHONEOS_DEPLOYMENT_TARGET = 13.5;
				MTL_ENABLE_DEBUG_INFO = INCLUDE_SOURCE;
				MTL_FAST_MATH = YES;
				ONLY_ACTIVE_ARCH = YES;
				SDKROOT = iphoneos;
				SWIFT_ACTIVE_COMPILATION_CONDITIONS = DEBUG;
				SWIFT_OPTIMIZATION_LEVEL = "-Onone";
			};
			name = Debug;
		};
		9EB14F4B2485048C0085E885 /* Release */ = {
			isa = XCBuildConfiguration;
			buildSettings = {
				ALWAYS_SEARCH_USER_PATHS = NO;
				CLANG_ANALYZER_LOCALIZABILITY_NONLOCALIZED = YES;
				CLANG_ANALYZER_NONNULL = YES;
				CLANG_ANALYZER_NUMBER_OBJECT_CONVERSION = YES_AGGRESSIVE;
				CLANG_CXX_LANGUAGE_STANDARD = "gnu++14";
				CLANG_CXX_LIBRARY = "libc++";
				CLANG_ENABLE_MODULES = YES;
				CLANG_ENABLE_OBJC_ARC = YES;
				CLANG_ENABLE_OBJC_WEAK = YES;
				CLANG_WARN_BLOCK_CAPTURE_AUTORELEASING = YES;
				CLANG_WARN_BOOL_CONVERSION = YES;
				CLANG_WARN_COMMA = YES;
				CLANG_WARN_CONSTANT_CONVERSION = YES;
				CLANG_WARN_DEPRECATED_OBJC_IMPLEMENTATIONS = YES;
				CLANG_WARN_DIRECT_OBJC_ISA_USAGE = YES_ERROR;
				CLANG_WARN_DOCUMENTATION_COMMENTS = YES;
				CLANG_WARN_EMPTY_BODY = YES;
				CLANG_WARN_ENUM_CONVERSION = YES;
				CLANG_WARN_INFINITE_RECURSION = YES;
				CLANG_WARN_INT_CONVERSION = YES;
				CLANG_WARN_NON_LITERAL_NULL_CONVERSION = YES;
				CLANG_WARN_OBJC_IMPLICIT_RETAIN_SELF = YES;
				CLANG_WARN_OBJC_LITERAL_CONVERSION = YES;
				CLANG_WARN_OBJC_ROOT_CLASS = YES_ERROR;
				CLANG_WARN_RANGE_LOOP_ANALYSIS = YES;
				CLANG_WARN_STRICT_PROTOTYPES = YES;
				CLANG_WARN_SUSPICIOUS_MOVE = YES;
				CLANG_WARN_UNGUARDED_AVAILABILITY = YES_AGGRESSIVE;
				CLANG_WARN_UNREACHABLE_CODE = YES;
				CLANG_WARN__DUPLICATE_METHOD_MATCH = YES;
				COPY_PHASE_STRIP = NO;
				DEBUG_INFORMATION_FORMAT = "dwarf-with-dsym";
				ENABLE_NS_ASSERTIONS = NO;
				ENABLE_STRICT_OBJC_MSGSEND = YES;
				GCC_C_LANGUAGE_STANDARD = gnu11;
				GCC_NO_COMMON_BLOCKS = YES;
				GCC_WARN_64_TO_32_BIT_CONVERSION = YES;
				GCC_WARN_ABOUT_RETURN_TYPE = YES_ERROR;
				GCC_WARN_UNDECLARED_SELECTOR = YES;
				GCC_WARN_UNINITIALIZED_AUTOS = YES_AGGRESSIVE;
				GCC_WARN_UNUSED_FUNCTION = YES;
				GCC_WARN_UNUSED_VARIABLE = YES;
				IPHONEOS_DEPLOYMENT_TARGET = 13.5;
				MTL_ENABLE_DEBUG_INFO = NO;
				MTL_FAST_MATH = YES;
				SDKROOT = iphoneos;
				SWIFT_COMPILATION_MODE = wholemodule;
				SWIFT_OPTIMIZATION_LEVEL = "-O";
				VALIDATE_PRODUCT = YES;
			};
			name = Release;
		};
		9EB14F4D2485048C0085E885 /* Debug */ = {
			isa = XCBuildConfiguration;
			baseConfigurationReference = C163364AA1CFF3575881BBA7 /* Pods-Turno.debug.xcconfig */;
			buildSettings = {
				ASSETCATALOG_COMPILER_APPICON_NAME = AppIcon;
				CODE_SIGN_STYLE = Automatic;
				DEVELOPMENT_TEAM = 532Q5KBSRV;
				INFOPLIST_FILE = Turno/Info.plist;
				LD_RUNPATH_SEARCH_PATHS = (
					"$(inherited)",
					"@executable_path/Frameworks",
				);
				PRODUCT_BUNDLE_IDENTIFIER = demo.Turno;
				PRODUCT_NAME = "$(TARGET_NAME)";
				SWIFT_VERSION = 5.0;
				TARGETED_DEVICE_FAMILY = 1;
			};
			name = Debug;
		};
		9EB14F4E2485048C0085E885 /* Release */ = {
			isa = XCBuildConfiguration;
			baseConfigurationReference = 26B861CAA643CE1819EB03EB /* Pods-Turno.release.xcconfig */;
			buildSettings = {
				ASSETCATALOG_COMPILER_APPICON_NAME = AppIcon;
				CODE_SIGN_STYLE = Automatic;
				DEVELOPMENT_TEAM = 532Q5KBSRV;
				INFOPLIST_FILE = Turno/Info.plist;
				LD_RUNPATH_SEARCH_PATHS = (
					"$(inherited)",
					"@executable_path/Frameworks",
				);
				PRODUCT_BUNDLE_IDENTIFIER = demo.Turno;
				PRODUCT_NAME = "$(TARGET_NAME)";
				SWIFT_VERSION = 5.0;
				TARGETED_DEVICE_FAMILY = 1;
			};
			name = Release;
		};
/* End XCBuildConfiguration section */

/* Begin XCConfigurationList section */
		9EB14F332485048B0085E885 /* Build configuration list for PBXProject "Turno" */ = {
			isa = XCConfigurationList;
			buildConfigurations = (
				9EB14F4A2485048C0085E885 /* Debug */,
				9EB14F4B2485048C0085E885 /* Release */,
			);
			defaultConfigurationIsVisible = 0;
			defaultConfigurationName = Release;
		};
		9EB14F4C2485048C0085E885 /* Build configuration list for PBXNativeTarget "Turno" */ = {
			isa = XCConfigurationList;
			buildConfigurations = (
				9EB14F4D2485048C0085E885 /* Debug */,
				9EB14F4E2485048C0085E885 /* Release */,
			);
			defaultConfigurationIsVisible = 0;
			defaultConfigurationName = Release;
		};
/* End XCConfigurationList section */
	};
	rootObject = 9EB14F302485048B0085E885 /* Project object */;
}
