// !$*UTF8*$!
{
	archiveVersion = 1;
	classes = {
	};
	objectVersion = 50;
	objects = {

/* Begin PBXBuildFile section */
		9E0B75A02489837E00B25313 /* Fonts.swift in Sources */ = {isa = PBXBuildFile; fileRef = 9E0B759F2489837E00B25313 /* Fonts.swift */; };
		9E0B75A2248985C200B25313 /* ServiceAppFont.swift in Sources */ = {isa = PBXBuildFile; fileRef = 9E0B75A1248985C200B25313 /* ServiceAppFont.swift */; };
		9E0B75A7248986AF00B25313 /* WelcomeViewController.swift in Sources */ = {isa = PBXBuildFile; fileRef = 9E0B75A6248986AF00B25313 /* WelcomeViewController.swift */; };
		9E0B75A9248986BA00B25313 /* WelcomeView.swift in Sources */ = {isa = PBXBuildFile; fileRef = 9E0B75A8248986BA00B25313 /* WelcomeView.swift */; };
		9E0B75AB248986CD00B25313 /* PresenterWelcome.swift in Sources */ = {isa = PBXBuildFile; fileRef = 9E0B75AA248986CD00B25313 /* PresenterWelcome.swift */; };
		9E0B75AE24898DB000B25313 /* CustomButton.swift in Sources */ = {isa = PBXBuildFile; fileRef = 9E0B75AD24898DB000B25313 /* CustomButton.swift */; };
		9E0B75B024898DC100B25313 /* CustomButtonTheme.swift in Sources */ = {isa = PBXBuildFile; fileRef = 9E0B75AF24898DC100B25313 /* CustomButtonTheme.swift */; };
		9E0B75B224898E5300B25313 /* UIButton+Underline.swift in Sources */ = {isa = PBXBuildFile; fileRef = 9E0B75B124898E5300B25313 /* UIButton+Underline.swift */; };
		9E23F432248CD0DE003D031F /* Double+Rounded.swift in Sources */ = {isa = PBXBuildFile; fileRef = 9E23F431248CD0DE003D031F /* Double+Rounded.swift */; };
		9E23F434248CED4E003D031F /* OTPTextField.swift in Sources */ = {isa = PBXBuildFile; fileRef = 9E23F433248CED4E003D031F /* OTPTextField.swift */; };
		9E23F436248CED7D003D031F /* OTPStackView.swift in Sources */ = {isa = PBXBuildFile; fileRef = 9E23F435248CED7D003D031F /* OTPStackView.swift */; };
		9E25D00D24883D1D00BC8626 /* UICollectionViewFlowLayout+FlipsHorizontallyInOppositeLayoutDirection.swift in Sources */ = {isa = PBXBuildFile; fileRef = 9E25D00C24883D1D00BC8626 /* UICollectionViewFlowLayout+FlipsHorizontallyInOppositeLayoutDirection.swift */; };
		9E55BD54248A9864004F401B /* InstallationViewController.swift in Sources */ = {isa = PBXBuildFile; fileRef = 9E55BD53248A9864004F401B /* InstallationViewController.swift */; };
		9E55BD56248A98C8004F401B /* InstallationView.swift in Sources */ = {isa = PBXBuildFile; fileRef = 9E55BD55248A98C8004F401B /* InstallationView.swift */; };
		9E55BD58248A98D6004F401B /* PresenterInstallation.swift in Sources */ = {isa = PBXBuildFile; fileRef = 9E55BD57248A98D6004F401B /* PresenterInstallation.swift */; };
		9E55BD5A248AC8C1004F401B /* UIViewController+SetBackBarButton.swift in Sources */ = {isa = PBXBuildFile; fileRef = 9E55BD59248AC8C1004F401B /* UIViewController+SetBackBarButton.swift */; };
		9E55BD5D248ACF7A004F401B /* CustomTextField.swift in Sources */ = {isa = PBXBuildFile; fileRef = 9E55BD5C248ACF7A004F401B /* CustomTextField.swift */; };
		9E55BD60248ACFCC004F401B /* CustomTextFieldThemes.swift in Sources */ = {isa = PBXBuildFile; fileRef = 9E55BD5F248ACFCC004F401B /* CustomTextFieldThemes.swift */; };
		9E55BD62248AD27E004F401B /* UIViewController+HideKeyboardWhenTappedAround.swift in Sources */ = {isa = PBXBuildFile; fileRef = 9E55BD61248AD27E004F401B /* UIViewController+HideKeyboardWhenTappedAround.swift */; };
		9E6D16BB248A1EC100C40687 /* RoundedCustomButtonWithMargin.swift in Sources */ = {isa = PBXBuildFile; fileRef = 9E6D16BA248A1EC100C40687 /* RoundedCustomButtonWithMargin.swift */; };
		9E9880DD248BAFCC00D78959 /* AlertPopupViewController.swift in Sources */ = {isa = PBXBuildFile; fileRef = 9E9880DC248BAFCC00D78959 /* AlertPopupViewController.swift */; };
		9E9880E0248BAFEF00D78959 /* PresenterAlertPopup.swift in Sources */ = {isa = PBXBuildFile; fileRef = 9E9880DF248BAFEF00D78959 /* PresenterAlertPopup.swift */; };
		9E9880E3248BB01200D78959 /* AlertPopupView.swift in Sources */ = {isa = PBXBuildFile; fileRef = 9E9880E2248BB01200D78959 /* AlertPopupView.swift */; };
		9E9880E5248BB9AD00D78959 /* ModelAlertPopup.swift in Sources */ = {isa = PBXBuildFile; fileRef = 9E9880E4248BB9AD00D78959 /* ModelAlertPopup.swift */; };
		9E9880E7248BB9E500D78959 /* User.swift in Sources */ = {isa = PBXBuildFile; fileRef = 9E9880E6248BB9E500D78959 /* User.swift */; };
		9E9880E9248BBAA500D78959 /* ActivationView.swift in Sources */ = {isa = PBXBuildFile; fileRef = 9E9880E8248BBAA500D78959 /* ActivationView.swift */; };
		9E9880EB248BBAB000D78959 /* ActivationViewController.swift in Sources */ = {isa = PBXBuildFile; fileRef = 9E9880EA248BBAB000D78959 /* ActivationViewController.swift */; };
		9E9880ED248BBABD00D78959 /* PresenterActivation.swift in Sources */ = {isa = PBXBuildFile; fileRef = 9E9880EC248BBABD00D78959 /* PresenterActivation.swift */; };
		9E9880EF248BC24B00D78959 /* Preferences.swift in Sources */ = {isa = PBXBuildFile; fileRef = 9E9880EE248BC24B00D78959 /* Preferences.swift */; };
		9E9880F1248BC28F00D78959 /* PrefsConstants.swift in Sources */ = {isa = PBXBuildFile; fileRef = 9E9880F0248BC28F00D78959 /* PrefsConstants.swift */; };
		9E9880F3248BCD8E00D78959 /* ServiceTextFieldValidation.swift in Sources */ = {isa = PBXBuildFile; fileRef = 9E9880F2248BCD8E00D78959 /* ServiceTextFieldValidation.swift */; };
		9E9B87D3248D3430009B1448 /* PresenterMain.swift in Sources */ = {isa = PBXBuildFile; fileRef = 9E9B87D2248D3430009B1448 /* PresenterMain.swift */; };
		9E9B87D6248D3466009B1448 /* MainViewController.swift in Sources */ = {isa = PBXBuildFile; fileRef = 9E9B87D5248D3466009B1448 /* MainViewController.swift */; };
		9E9B87E5248D35E9009B1448 /* Home.storyboard in Resources */ = {isa = PBXBuildFile; fileRef = 9E9B87E0248D35E9009B1448 /* Home.storyboard */; };
		9E9B87E6248D35E9009B1448 /* Settings.storyboard in Resources */ = {isa = PBXBuildFile; fileRef = 9E9B87E1248D35E9009B1448 /* Settings.storyboard */; };
		9E9B87E7248D35E9009B1448 /* Main.storyboard in Resources */ = {isa = PBXBuildFile; fileRef = 9E9B87E2248D35E9009B1448 /* Main.storyboard */; };
		9E9B87E8248D35E9009B1448 /* Appointments.storyboard in Resources */ = {isa = PBXBuildFile; fileRef = 9E9B87E3248D35E9009B1448 /* Appointments.storyboard */; };
		9E9B87E9248D35E9009B1448 /* Favorites.storyboard in Resources */ = {isa = PBXBuildFile; fileRef = 9E9B87E4248D35E9009B1448 /* Favorites.storyboard */; };
		9E9B87EB248D360F009B1448 /* HomeViewController.swift in Sources */ = {isa = PBXBuildFile; fileRef = 9E9B87EA248D360F009B1448 /* HomeViewController.swift */; };
		9E9B87ED248D361A009B1448 /* AppointmentsViewController.swift in Sources */ = {isa = PBXBuildFile; fileRef = 9E9B87EC248D361A009B1448 /* AppointmentsViewController.swift */; };
		9E9B87EF248D3623009B1448 /* FavoritesViewController.swift in Sources */ = {isa = PBXBuildFile; fileRef = 9E9B87EE248D3623009B1448 /* FavoritesViewController.swift */; };
		9E9B87F1248D362A009B1448 /* SettingsViewController.swift in Sources */ = {isa = PBXBuildFile; fileRef = 9E9B87F0248D362A009B1448 /* SettingsViewController.swift */; };
		9E9B87F3248D3702009B1448 /* ServiceViewController.swift in Sources */ = {isa = PBXBuildFile; fileRef = 9E9B87F2248D3702009B1448 /* ServiceViewController.swift */; };
		9E9B87F5248D374E009B1448 /* ViewControllersConstants.swift in Sources */ = {isa = PBXBuildFile; fileRef = 9E9B87F4248D374E009B1448 /* ViewControllersConstants.swift */; };
		9E9B87F7248D375D009B1448 /* StoryBoardsConstants.swift in Sources */ = {isa = PBXBuildFile; fileRef = 9E9B87F6248D375D009B1448 /* StoryBoardsConstants.swift */; };
		9E9B87FB248D4B6A009B1448 /* AppState.swift in Sources */ = {isa = PBXBuildFile; fileRef = 9E9B87FA248D4B6A009B1448 /* AppState.swift */; };
		9EA657C224880CE900F7952A /* ErrorsConstants.swift in Sources */ = {isa = PBXBuildFile; fileRef = 9EA657C124880CE900F7952A /* ErrorsConstants.swift */; };
		9EA657C52488105E00F7952A /* ServiceOnboarding.swift in Sources */ = {isa = PBXBuildFile; fileRef = 9EA657C42488105E00F7952A /* ServiceOnboarding.swift */; };
		9EA657C8248813B700F7952A /* ModelOnboarding.swift in Sources */ = {isa = PBXBuildFile; fileRef = 9EA657C7248813B700F7952A /* ModelOnboarding.swift */; };
		9EA657CA248813D200F7952A /* AssetsConstants.swift in Sources */ = {isa = PBXBuildFile; fileRef = 9EA657C9248813D200F7952A /* AssetsConstants.swift */; };
		9EA657CD248814AE00F7952A /* OnboardingViewController.swift in Sources */ = {isa = PBXBuildFile; fileRef = 9EA657CC248814AE00F7952A /* OnboardingViewController.swift */; };
		9EA657D52488152700F7952A /* OnBoardingView.swift in Sources */ = {isa = PBXBuildFile; fileRef = 9EA657D42488152700F7952A /* OnBoardingView.swift */; };
		9EA657D92488157300F7952A /* AutoLayout.swift in Sources */ = {isa = PBXBuildFile; fileRef = 9EA657D82488157300F7952A /* AutoLayout.swift */; };
		9EA657DD2488159400F7952A /* UIColor+Color.swift in Sources */ = {isa = PBXBuildFile; fileRef = 9EA657DC2488159400F7952A /* UIColor+Color.swift */; };
		9EA657DF248815CB00F7952A /* CellsConstants.swift in Sources */ = {isa = PBXBuildFile; fileRef = 9EA657DE248815CB00F7952A /* CellsConstants.swift */; };
		9EA657E1248815DF00F7952A /* NibsConstants.swift in Sources */ = {isa = PBXBuildFile; fileRef = 9EA657E0248815DF00F7952A /* NibsConstants.swift */; };
		9EA657E32488161C00F7952A /* PresenterOnboarding.swift in Sources */ = {isa = PBXBuildFile; fileRef = 9EA657E22488161C00F7952A /* PresenterOnboarding.swift */; };
		9EA657E62488165E00F7952A /* Notification+Name.swift in Sources */ = {isa = PBXBuildFile; fileRef = 9EA657E52488165E00F7952A /* Notification+Name.swift */; };
		9EA657E82488167200F7952A /* NotificationCenterConstants.swift in Sources */ = {isa = PBXBuildFile; fileRef = 9EA657E72488167200F7952A /* NotificationCenterConstants.swift */; };
		9EA657EA2488169200F7952A /* Storage.swift in Sources */ = {isa = PBXBuildFile; fileRef = 9EA657E92488169200F7952A /* Storage.swift */; };
		9EA657EC248816A800F7952A /* UserDefaultsConstants.swift in Sources */ = {isa = PBXBuildFile; fileRef = 9EA657EB248816A800F7952A /* UserDefaultsConstants.swift */; };
		9EA657EF2488170300F7952A /* UICollectionView+PresenterOnboarding.swift in Sources */ = {isa = PBXBuildFile; fileRef = 9EA657EE2488170300F7952A /* UICollectionView+PresenterOnboarding.swift */; };
		9EA657F22488173100F7952A /* OnboardingCollectionViewCell.swift in Sources */ = {isa = PBXBuildFile; fileRef = 9EA657F12488173100F7952A /* OnboardingCollectionViewCell.swift */; };
		9EA657F52488176000F7952A /* CustomLabel.swift in Sources */ = {isa = PBXBuildFile; fileRef = 9EA657F42488176000F7952A /* CustomLabel.swift */; };
		9EA657F72488177600F7952A /* CustomLabelThemes.swift in Sources */ = {isa = PBXBuildFile; fileRef = 9EA657F62488177600F7952A /* CustomLabelThemes.swift */; };
		9EA657F92488179B00F7952A /* String+Localized.swift in Sources */ = {isa = PBXBuildFile; fileRef = 9EA657F82488179B00F7952A /* String+Localized.swift */; };
		9EA657FF248817E400F7952A /* OpenSans-SemiBold.ttf in Resources */ = {isa = PBXBuildFile; fileRef = 9EA657FB248817E400F7952A /* OpenSans-SemiBold.ttf */; };
		9EA65800248817E400F7952A /* OpenSans-Bold.ttf in Resources */ = {isa = PBXBuildFile; fileRef = 9EA657FC248817E400F7952A /* OpenSans-Bold.ttf */; };
		9EA65801248817E400F7952A /* OpenSans-Light.ttf in Resources */ = {isa = PBXBuildFile; fileRef = 9EA657FD248817E400F7952A /* OpenSans-Light.ttf */; };
		9EA65802248817E400F7952A /* OpenSans-Regular.ttf in Resources */ = {isa = PBXBuildFile; fileRef = 9EA657FE248817E400F7952A /* OpenSans-Regular.ttf */; };
		9EA658092488184A00F7952A /* Cairo-Bold.ttf in Resources */ = {isa = PBXBuildFile; fileRef = 9EA658052488184A00F7952A /* Cairo-Bold.ttf */; };
		9EA6580A2488184A00F7952A /* Cairo-Light.ttf in Resources */ = {isa = PBXBuildFile; fileRef = 9EA658062488184A00F7952A /* Cairo-Light.ttf */; };
		9EA6580B2488184A00F7952A /* Cairo-Regular.ttf in Resources */ = {isa = PBXBuildFile; fileRef = 9EA658072488184A00F7952A /* Cairo-Regular.ttf */; };
		9EA6580C2488184A00F7952A /* Cairo-SemiBold.ttf in Resources */ = {isa = PBXBuildFile; fileRef = 9EA658082488184A00F7952A /* Cairo-SemiBold.ttf */; };
		9EA658122488185B00F7952A /* Assistant-Light.ttf in Resources */ = {isa = PBXBuildFile; fileRef = 9EA6580E2488185B00F7952A /* Assistant-Light.ttf */; };
		9EA658132488185B00F7952A /* Assistant-SemiBold.ttf in Resources */ = {isa = PBXBuildFile; fileRef = 9EA6580F2488185B00F7952A /* Assistant-SemiBold.ttf */; };
		9EA658142488185B00F7952A /* Assistant-Bold.ttf in Resources */ = {isa = PBXBuildFile; fileRef = 9EA658102488185B00F7952A /* Assistant-Bold.ttf */; };
		9EA658152488185B00F7952A /* Assistant-Regular.ttf in Resources */ = {isa = PBXBuildFile; fileRef = 9EA658112488185B00F7952A /* Assistant-Regular.ttf */; };
		9EA658182488193A00F7952A /* RoundedCustomButton.swift in Sources */ = {isa = PBXBuildFile; fileRef = 9EA658172488193A00F7952A /* RoundedCustomButton.swift */; };
		9EA6581A2488194300F7952A /* RoundedCustomButtonThemes.swift in Sources */ = {isa = PBXBuildFile; fileRef = 9EA658192488194300F7952A /* RoundedCustomButtonThemes.swift */; };
		9EA6581E248819EA00F7952A /* UICollectionView+OnBoardingViewController.swift in Sources */ = {isa = PBXBuildFile; fileRef = 9EA6581D248819EA00F7952A /* UICollectionView+OnBoardingViewController.swift */; };
		9EA6582024881A0200F7952A /* UICollectionViewExtension.swift in Sources */ = {isa = PBXBuildFile; fileRef = 9EA6581F24881A0200F7952A /* UICollectionViewExtension.swift */; };
		9EA6582324881AB700F7952A /* AppCoordinator.swift in Sources */ = {isa = PBXBuildFile; fileRef = 9EA6582224881AB700F7952A /* AppCoordinator.swift */; };
		9EA6582524881ACD00F7952A /* OnBoardingCoordinator.swift in Sources */ = {isa = PBXBuildFile; fileRef = 9EA6582424881ACD00F7952A /* OnBoardingCoordinator.swift */; };
		9EA6582724881AF000F7952A /* ScreenFactory.swift in Sources */ = {isa = PBXBuildFile; fileRef = 9EA6582624881AF000F7952A /* ScreenFactory.swift */; };
		9EA6582B24881BBD00F7952A /* WelcomeCoordinator.swift in Sources */ = {isa = PBXBuildFile; fileRef = 9EA6582A24881BBD00F7952A /* WelcomeCoordinator.swift */; };
		9EA6582F24881C6300F7952A /* OnboardingCollectionViewCell.xib in Resources */ = {isa = PBXBuildFile; fileRef = 9EA6582E24881C6300F7952A /* OnboardingCollectionViewCell.xib */; };
		9EB14F3C2485048B0085E885 /* AppDelegate.swift in Sources */ = {isa = PBXBuildFile; fileRef = 9EB14F3B2485048B0085E885 /* AppDelegate.swift */; };
		9EB14F452485048C0085E885 /* Assets.xcassets in Resources */ = {isa = PBXBuildFile; fileRef = 9EB14F442485048C0085E885 /* Assets.xcassets */; };
		9EB14F482485048C0085E885 /* LaunchScreen.storyboard in Resources */ = {isa = PBXBuildFile; fileRef = 9EB14F462485048C0085E885 /* LaunchScreen.storyboard */; };
		9EB17D6A24850D5A004E5FBD /* Localizable.strings in Resources */ = {isa = PBXBuildFile; fileRef = 9EB17D6C24850D5A004E5FBD /* Localizable.strings */; };
		9EB17D7424850EF7004E5FBD /* LocalizableConstants.swift in Sources */ = {isa = PBXBuildFile; fileRef = 9EB17D7324850EF7004E5FBD /* LocalizableConstants.swift */; };
		B4AD2AA673D0E8FDDD1649AA /* Pods_Turno.framework in Frameworks */ = {isa = PBXBuildFile; fileRef = 60536D8BBF639461D5CB90FC /* Pods_Turno.framework */; };
/* End PBXBuildFile section */

/* Begin PBXFileReference section */
		26B861CAA643CE1819EB03EB /* Pods-Turno.release.xcconfig */ = {isa = PBXFileReference; includeInIndex = 1; lastKnownFileType = text.xcconfig; name = "Pods-Turno.release.xcconfig"; path = "Target Support Files/Pods-Turno/Pods-Turno.release.xcconfig"; sourceTree = "<group>"; };
		60536D8BBF639461D5CB90FC /* Pods_Turno.framework */ = {isa = PBXFileReference; explicitFileType = wrapper.framework; includeInIndex = 0; path = Pods_Turno.framework; sourceTree = BUILT_PRODUCTS_DIR; };
		9E0B759F2489837E00B25313 /* Fonts.swift */ = {isa = PBXFileReference; fileEncoding = 4; lastKnownFileType = sourcecode.swift; path = Fonts.swift; sourceTree = "<group>"; };
		9E0B75A1248985C200B25313 /* ServiceAppFont.swift */ = {isa = PBXFileReference; lastKnownFileType = sourcecode.swift; path = ServiceAppFont.swift; sourceTree = "<group>"; };
		9E0B75A6248986AF00B25313 /* WelcomeViewController.swift */ = {isa = PBXFileReference; lastKnownFileType = sourcecode.swift; path = WelcomeViewController.swift; sourceTree = "<group>"; };
		9E0B75A8248986BA00B25313 /* WelcomeView.swift */ = {isa = PBXFileReference; lastKnownFileType = sourcecode.swift; path = WelcomeView.swift; sourceTree = "<group>"; };
		9E0B75AA248986CD00B25313 /* PresenterWelcome.swift */ = {isa = PBXFileReference; lastKnownFileType = sourcecode.swift; path = PresenterWelcome.swift; sourceTree = "<group>"; };
		9E0B75AD24898DB000B25313 /* CustomButton.swift */ = {isa = PBXFileReference; lastKnownFileType = sourcecode.swift; path = CustomButton.swift; sourceTree = "<group>"; };
		9E0B75AF24898DC100B25313 /* CustomButtonTheme.swift */ = {isa = PBXFileReference; lastKnownFileType = sourcecode.swift; path = CustomButtonTheme.swift; sourceTree = "<group>"; };
		9E0B75B124898E5300B25313 /* UIButton+Underline.swift */ = {isa = PBXFileReference; lastKnownFileType = sourcecode.swift; path = "UIButton+Underline.swift"; sourceTree = "<group>"; };
		9E23F431248CD0DE003D031F /* Double+Rounded.swift */ = {isa = PBXFileReference; lastKnownFileType = sourcecode.swift; path = "Double+Rounded.swift"; sourceTree = "<group>"; };
		9E23F433248CED4E003D031F /* OTPTextField.swift */ = {isa = PBXFileReference; lastKnownFileType = sourcecode.swift; path = OTPTextField.swift; sourceTree = "<group>"; };
		9E23F435248CED7D003D031F /* OTPStackView.swift */ = {isa = PBXFileReference; lastKnownFileType = sourcecode.swift; path = OTPStackView.swift; sourceTree = "<group>"; };
		9E25D00C24883D1D00BC8626 /* UICollectionViewFlowLayout+FlipsHorizontallyInOppositeLayoutDirection.swift */ = {isa = PBXFileReference; lastKnownFileType = sourcecode.swift; path = "UICollectionViewFlowLayout+FlipsHorizontallyInOppositeLayoutDirection.swift"; sourceTree = "<group>"; };
		9E55BD53248A9864004F401B /* InstallationViewController.swift */ = {isa = PBXFileReference; lastKnownFileType = sourcecode.swift; path = InstallationViewController.swift; sourceTree = "<group>"; };
		9E55BD55248A98C8004F401B /* InstallationView.swift */ = {isa = PBXFileReference; lastKnownFileType = sourcecode.swift; path = InstallationView.swift; sourceTree = "<group>"; };
		9E55BD57248A98D6004F401B /* PresenterInstallation.swift */ = {isa = PBXFileReference; lastKnownFileType = sourcecode.swift; path = PresenterInstallation.swift; sourceTree = "<group>"; };
		9E55BD59248AC8C1004F401B /* UIViewController+SetBackBarButton.swift */ = {isa = PBXFileReference; lastKnownFileType = sourcecode.swift; path = "UIViewController+SetBackBarButton.swift"; sourceTree = "<group>"; };
		9E55BD5C248ACF7A004F401B /* CustomTextField.swift */ = {isa = PBXFileReference; lastKnownFileType = sourcecode.swift; path = CustomTextField.swift; sourceTree = "<group>"; };
		9E55BD5F248ACFCC004F401B /* CustomTextFieldThemes.swift */ = {isa = PBXFileReference; lastKnownFileType = sourcecode.swift; path = CustomTextFieldThemes.swift; sourceTree = "<group>"; };
		9E55BD61248AD27E004F401B /* UIViewController+HideKeyboardWhenTappedAround.swift */ = {isa = PBXFileReference; lastKnownFileType = sourcecode.swift; path = "UIViewController+HideKeyboardWhenTappedAround.swift"; sourceTree = "<group>"; };
		9E6D16BA248A1EC100C40687 /* RoundedCustomButtonWithMargin.swift */ = {isa = PBXFileReference; lastKnownFileType = sourcecode.swift; path = RoundedCustomButtonWithMargin.swift; sourceTree = "<group>"; };
		9E9880DC248BAFCC00D78959 /* AlertPopupViewController.swift */ = {isa = PBXFileReference; lastKnownFileType = sourcecode.swift; path = AlertPopupViewController.swift; sourceTree = "<group>"; };
		9E9880DF248BAFEF00D78959 /* PresenterAlertPopup.swift */ = {isa = PBXFileReference; lastKnownFileType = sourcecode.swift; path = PresenterAlertPopup.swift; sourceTree = "<group>"; };
		9E9880E2248BB01200D78959 /* AlertPopupView.swift */ = {isa = PBXFileReference; lastKnownFileType = sourcecode.swift; path = AlertPopupView.swift; sourceTree = "<group>"; };
		9E9880E4248BB9AD00D78959 /* ModelAlertPopup.swift */ = {isa = PBXFileReference; lastKnownFileType = sourcecode.swift; path = ModelAlertPopup.swift; sourceTree = "<group>"; };
		9E9880E6248BB9E500D78959 /* User.swift */ = {isa = PBXFileReference; lastKnownFileType = sourcecode.swift; path = User.swift; sourceTree = "<group>"; };
		9E9880E8248BBAA500D78959 /* ActivationView.swift */ = {isa = PBXFileReference; lastKnownFileType = sourcecode.swift; path = ActivationView.swift; sourceTree = "<group>"; };
		9E9880EA248BBAB000D78959 /* ActivationViewController.swift */ = {isa = PBXFileReference; lastKnownFileType = sourcecode.swift; path = ActivationViewController.swift; sourceTree = "<group>"; };
		9E9880EC248BBABD00D78959 /* PresenterActivation.swift */ = {isa = PBXFileReference; lastKnownFileType = sourcecode.swift; path = PresenterActivation.swift; sourceTree = "<group>"; };
		9E9880EE248BC24B00D78959 /* Preferences.swift */ = {isa = PBXFileReference; lastKnownFileType = sourcecode.swift; path = Preferences.swift; sourceTree = "<group>"; };
		9E9880F0248BC28F00D78959 /* PrefsConstants.swift */ = {isa = PBXFileReference; lastKnownFileType = sourcecode.swift; path = PrefsConstants.swift; sourceTree = "<group>"; };
		9E9880F2248BCD8E00D78959 /* ServiceTextFieldValidation.swift */ = {isa = PBXFileReference; lastKnownFileType = sourcecode.swift; path = ServiceTextFieldValidation.swift; sourceTree = "<group>"; };
		9E9B87D2248D3430009B1448 /* PresenterMain.swift */ = {isa = PBXFileReference; lastKnownFileType = sourcecode.swift; path = PresenterMain.swift; sourceTree = "<group>"; };
		9E9B87D5248D3466009B1448 /* MainViewController.swift */ = {isa = PBXFileReference; lastKnownFileType = sourcecode.swift; path = MainViewController.swift; sourceTree = "<group>"; };
		9E9B87E0248D35E9009B1448 /* Home.storyboard */ = {isa = PBXFileReference; fileEncoding = 4; lastKnownFileType = file.storyboard; path = Home.storyboard; sourceTree = "<group>"; };
		9E9B87E1248D35E9009B1448 /* Settings.storyboard */ = {isa = PBXFileReference; fileEncoding = 4; lastKnownFileType = file.storyboard; path = Settings.storyboard; sourceTree = "<group>"; };
		9E9B87E2248D35E9009B1448 /* Main.storyboard */ = {isa = PBXFileReference; fileEncoding = 4; lastKnownFileType = file.storyboard; path = Main.storyboard; sourceTree = "<group>"; };
		9E9B87E3248D35E9009B1448 /* Appointments.storyboard */ = {isa = PBXFileReference; fileEncoding = 4; lastKnownFileType = file.storyboard; path = Appointments.storyboard; sourceTree = "<group>"; };
		9E9B87E4248D35E9009B1448 /* Favorites.storyboard */ = {isa = PBXFileReference; fileEncoding = 4; lastKnownFileType = file.storyboard; path = Favorites.storyboard; sourceTree = "<group>"; };
		9E9B87EA248D360F009B1448 /* HomeViewController.swift */ = {isa = PBXFileReference; lastKnownFileType = sourcecode.swift; path = HomeViewController.swift; sourceTree = "<group>"; };
		9E9B87EC248D361A009B1448 /* AppointmentsViewController.swift */ = {isa = PBXFileReference; lastKnownFileType = sourcecode.swift; path = AppointmentsViewController.swift; sourceTree = "<group>"; };
		9E9B87EE248D3623009B1448 /* FavoritesViewController.swift */ = {isa = PBXFileReference; lastKnownFileType = sourcecode.swift; path = FavoritesViewController.swift; sourceTree = "<group>"; };
		9E9B87F0248D362A009B1448 /* SettingsViewController.swift */ = {isa = PBXFileReference; lastKnownFileType = sourcecode.swift; path = SettingsViewController.swift; sourceTree = "<group>"; };
		9E9B87F2248D3702009B1448 /* ServiceViewController.swift */ = {isa = PBXFileReference; lastKnownFileType = sourcecode.swift; path = ServiceViewController.swift; sourceTree = "<group>"; };
		9E9B87F4248D374E009B1448 /* ViewControllersConstants.swift */ = {isa = PBXFileReference; lastKnownFileType = sourcecode.swift; path = ViewControllersConstants.swift; sourceTree = "<group>"; };
		9E9B87F6248D375D009B1448 /* StoryBoardsConstants.swift */ = {isa = PBXFileReference; lastKnownFileType = sourcecode.swift; path = StoryBoardsConstants.swift; sourceTree = "<group>"; };
		9E9B87FA248D4B6A009B1448 /* AppState.swift */ = {isa = PBXFileReference; lastKnownFileType = sourcecode.swift; path = AppState.swift; sourceTree = "<group>"; };
		9EA657C124880CE900F7952A /* ErrorsConstants.swift */ = {isa = PBXFileReference; lastKnownFileType = sourcecode.swift; path = ErrorsConstants.swift; sourceTree = "<group>"; };
		9EA657C42488105E00F7952A /* ServiceOnboarding.swift */ = {isa = PBXFileReference; lastKnownFileType = sourcecode.swift; path = ServiceOnboarding.swift; sourceTree = "<group>"; };
		9EA657C7248813B700F7952A /* ModelOnboarding.swift */ = {isa = PBXFileReference; lastKnownFileType = sourcecode.swift; path = ModelOnboarding.swift; sourceTree = "<group>"; };
		9EA657C9248813D200F7952A /* AssetsConstants.swift */ = {isa = PBXFileReference; lastKnownFileType = sourcecode.swift; path = AssetsConstants.swift; sourceTree = "<group>"; };
		9EA657CC248814AE00F7952A /* OnboardingViewController.swift */ = {isa = PBXFileReference; lastKnownFileType = sourcecode.swift; path = OnboardingViewController.swift; sourceTree = "<group>"; };
		9EA657D42488152700F7952A /* OnBoardingView.swift */ = {isa = PBXFileReference; lastKnownFileType = sourcecode.swift; path = OnBoardingView.swift; sourceTree = "<group>"; };
		9EA657D82488157300F7952A /* AutoLayout.swift */ = {isa = PBXFileReference; lastKnownFileType = sourcecode.swift; path = AutoLayout.swift; sourceTree = "<group>"; };
		9EA657DC2488159400F7952A /* UIColor+Color.swift */ = {isa = PBXFileReference; lastKnownFileType = sourcecode.swift; path = "UIColor+Color.swift"; sourceTree = "<group>"; };
		9EA657DE248815CB00F7952A /* CellsConstants.swift */ = {isa = PBXFileReference; lastKnownFileType = sourcecode.swift; path = CellsConstants.swift; sourceTree = "<group>"; };
		9EA657E0248815DF00F7952A /* NibsConstants.swift */ = {isa = PBXFileReference; lastKnownFileType = sourcecode.swift; path = NibsConstants.swift; sourceTree = "<group>"; };
		9EA657E22488161C00F7952A /* PresenterOnboarding.swift */ = {isa = PBXFileReference; lastKnownFileType = sourcecode.swift; path = PresenterOnboarding.swift; sourceTree = "<group>"; };
		9EA657E52488165E00F7952A /* Notification+Name.swift */ = {isa = PBXFileReference; lastKnownFileType = sourcecode.swift; path = "Notification+Name.swift"; sourceTree = "<group>"; };
		9EA657E72488167200F7952A /* NotificationCenterConstants.swift */ = {isa = PBXFileReference; lastKnownFileType = sourcecode.swift; path = NotificationCenterConstants.swift; sourceTree = "<group>"; };
		9EA657E92488169200F7952A /* Storage.swift */ = {isa = PBXFileReference; lastKnownFileType = sourcecode.swift; path = Storage.swift; sourceTree = "<group>"; };
		9EA657EB248816A800F7952A /* UserDefaultsConstants.swift */ = {isa = PBXFileReference; lastKnownFileType = sourcecode.swift; path = UserDefaultsConstants.swift; sourceTree = "<group>"; };
		9EA657EE2488170300F7952A /* UICollectionView+PresenterOnboarding.swift */ = {isa = PBXFileReference; lastKnownFileType = sourcecode.swift; path = "UICollectionView+PresenterOnboarding.swift"; sourceTree = "<group>"; };
		9EA657F12488173100F7952A /* OnboardingCollectionViewCell.swift */ = {isa = PBXFileReference; lastKnownFileType = sourcecode.swift; path = OnboardingCollectionViewCell.swift; sourceTree = "<group>"; };
		9EA657F42488176000F7952A /* CustomLabel.swift */ = {isa = PBXFileReference; lastKnownFileType = sourcecode.swift; path = CustomLabel.swift; sourceTree = "<group>"; };
		9EA657F62488177600F7952A /* CustomLabelThemes.swift */ = {isa = PBXFileReference; lastKnownFileType = sourcecode.swift; path = CustomLabelThemes.swift; sourceTree = "<group>"; };
		9EA657F82488179B00F7952A /* String+Localized.swift */ = {isa = PBXFileReference; lastKnownFileType = sourcecode.swift; path = "String+Localized.swift"; sourceTree = "<group>"; };
		9EA657FB248817E400F7952A /* OpenSans-SemiBold.ttf */ = {isa = PBXFileReference; lastKnownFileType = file; path = "OpenSans-SemiBold.ttf"; sourceTree = "<group>"; };
		9EA657FC248817E400F7952A /* OpenSans-Bold.ttf */ = {isa = PBXFileReference; lastKnownFileType = file; path = "OpenSans-Bold.ttf"; sourceTree = "<group>"; };
		9EA657FD248817E400F7952A /* OpenSans-Light.ttf */ = {isa = PBXFileReference; lastKnownFileType = file; path = "OpenSans-Light.ttf"; sourceTree = "<group>"; };
		9EA657FE248817E400F7952A /* OpenSans-Regular.ttf */ = {isa = PBXFileReference; lastKnownFileType = file; path = "OpenSans-Regular.ttf"; sourceTree = "<group>"; };
		9EA658052488184A00F7952A /* Cairo-Bold.ttf */ = {isa = PBXFileReference; lastKnownFileType = file; path = "Cairo-Bold.ttf"; sourceTree = "<group>"; };
		9EA658062488184A00F7952A /* Cairo-Light.ttf */ = {isa = PBXFileReference; lastKnownFileType = file; path = "Cairo-Light.ttf"; sourceTree = "<group>"; };
		9EA658072488184A00F7952A /* Cairo-Regular.ttf */ = {isa = PBXFileReference; lastKnownFileType = file; path = "Cairo-Regular.ttf"; sourceTree = "<group>"; };
		9EA658082488184A00F7952A /* Cairo-SemiBold.ttf */ = {isa = PBXFileReference; lastKnownFileType = file; path = "Cairo-SemiBold.ttf"; sourceTree = "<group>"; };
		9EA6580E2488185B00F7952A /* Assistant-Light.ttf */ = {isa = PBXFileReference; lastKnownFileType = file; path = "Assistant-Light.ttf"; sourceTree = "<group>"; };
		9EA6580F2488185B00F7952A /* Assistant-SemiBold.ttf */ = {isa = PBXFileReference; lastKnownFileType = file; path = "Assistant-SemiBold.ttf"; sourceTree = "<group>"; };
		9EA658102488185B00F7952A /* Assistant-Bold.ttf */ = {isa = PBXFileReference; lastKnownFileType = file; path = "Assistant-Bold.ttf"; sourceTree = "<group>"; };
		9EA658112488185B00F7952A /* Assistant-Regular.ttf */ = {isa = PBXFileReference; lastKnownFileType = file; path = "Assistant-Regular.ttf"; sourceTree = "<group>"; };
		9EA658172488193A00F7952A /* RoundedCustomButton.swift */ = {isa = PBXFileReference; lastKnownFileType = sourcecode.swift; path = RoundedCustomButton.swift; sourceTree = "<group>"; };
		9EA658192488194300F7952A /* RoundedCustomButtonThemes.swift */ = {isa = PBXFileReference; lastKnownFileType = sourcecode.swift; path = RoundedCustomButtonThemes.swift; sourceTree = "<group>"; };
		9EA6581D248819EA00F7952A /* UICollectionView+OnBoardingViewController.swift */ = {isa = PBXFileReference; lastKnownFileType = sourcecode.swift; path = "UICollectionView+OnBoardingViewController.swift"; sourceTree = "<group>"; };
		9EA6581F24881A0200F7952A /* UICollectionViewExtension.swift */ = {isa = PBXFileReference; lastKnownFileType = sourcecode.swift; path = UICollectionViewExtension.swift; sourceTree = "<group>"; };
		9EA6582224881AB700F7952A /* AppCoordinator.swift */ = {isa = PBXFileReference; lastKnownFileType = sourcecode.swift; path = AppCoordinator.swift; sourceTree = "<group>"; };
		9EA6582424881ACD00F7952A /* OnBoardingCoordinator.swift */ = {isa = PBXFileReference; lastKnownFileType = sourcecode.swift; path = OnBoardingCoordinator.swift; sourceTree = "<group>"; };
		9EA6582624881AF000F7952A /* ScreenFactory.swift */ = {isa = PBXFileReference; lastKnownFileType = sourcecode.swift; path = ScreenFactory.swift; sourceTree = "<group>"; };
		9EA6582A24881BBD00F7952A /* WelcomeCoordinator.swift */ = {isa = PBXFileReference; lastKnownFileType = sourcecode.swift; path = WelcomeCoordinator.swift; sourceTree = "<group>"; };
		9EA6582E24881C6300F7952A /* OnboardingCollectionViewCell.xib */ = {isa = PBXFileReference; lastKnownFileType = file.xib; path = OnboardingCollectionViewCell.xib; sourceTree = "<group>"; };
		9EB14F382485048B0085E885 /* Turno.app */ = {isa = PBXFileReference; explicitFileType = wrapper.application; includeInIndex = 0; path = Turno.app; sourceTree = BUILT_PRODUCTS_DIR; };
		9EB14F3B2485048B0085E885 /* AppDelegate.swift */ = {isa = PBXFileReference; lastKnownFileType = sourcecode.swift; path = AppDelegate.swift; sourceTree = "<group>"; };
		9EB14F442485048C0085E885 /* Assets.xcassets */ = {isa = PBXFileReference; lastKnownFileType = folder.assetcatalog; path = Assets.xcassets; sourceTree = "<group>"; };
		9EB14F472485048C0085E885 /* Base */ = {isa = PBXFileReference; lastKnownFileType = file.storyboard; name = Base; path = Base.lproj/LaunchScreen.storyboard; sourceTree = "<group>"; };
		9EB14F492485048C0085E885 /* Info.plist */ = {isa = PBXFileReference; lastKnownFileType = text.plist.xml; path = Info.plist; sourceTree = "<group>"; };
		9EB17D6B24850D5A004E5FBD /* en */ = {isa = PBXFileReference; lastKnownFileType = text.plist.strings; name = en; path = en.lproj/Localizable.strings; sourceTree = "<group>"; };
		9EB17D6D24850D62004E5FBD /* es */ = {isa = PBXFileReference; lastKnownFileType = text.plist.strings; name = es; path = es.lproj/Localizable.strings; sourceTree = "<group>"; };
		9EB17D6E24850D68004E5FBD /* ar */ = {isa = PBXFileReference; lastKnownFileType = text.plist.strings; name = ar; path = ar.lproj/Localizable.strings; sourceTree = "<group>"; };
		9EB17D6F24850D6E004E5FBD /* he */ = {isa = PBXFileReference; lastKnownFileType = text.plist.strings; name = he; path = he.lproj/Localizable.strings; sourceTree = "<group>"; };
		9EB17D7024850D73004E5FBD /* ru */ = {isa = PBXFileReference; lastKnownFileType = text.plist.strings; name = ru; path = ru.lproj/Localizable.strings; sourceTree = "<group>"; };
		9EB17D7324850EF7004E5FBD /* LocalizableConstants.swift */ = {isa = PBXFileReference; lastKnownFileType = sourcecode.swift; path = LocalizableConstants.swift; sourceTree = "<group>"; };
		C163364AA1CFF3575881BBA7 /* Pods-Turno.debug.xcconfig */ = {isa = PBXFileReference; includeInIndex = 1; lastKnownFileType = text.xcconfig; name = "Pods-Turno.debug.xcconfig"; path = "Target Support Files/Pods-Turno/Pods-Turno.debug.xcconfig"; sourceTree = "<group>"; };
/* End PBXFileReference section */

/* Begin PBXFrameworksBuildPhase section */
		9EB14F352485048B0085E885 /* Frameworks */ = {
			isa = PBXFrameworksBuildPhase;
			buildActionMask = 2147483647;
			files = (
				B4AD2AA673D0E8FDDD1649AA /* Pods_Turno.framework in Frameworks */,
			);
			runOnlyForDeploymentPostprocessing = 0;
		};
/* End PBXFrameworksBuildPhase section */

/* Begin PBXGroup section */
		3F2593CE1928AAC6FA9E38DA /* Pods */ = {
			isa = PBXGroup;
			children = (
				C163364AA1CFF3575881BBA7 /* Pods-Turno.debug.xcconfig */,
				26B861CAA643CE1819EB03EB /* Pods-Turno.release.xcconfig */,
			);
			path = Pods;
			sourceTree = "<group>";
		};
		9E0B75A32489867D00B25313 /* Welcome */ = {
			isa = PBXGroup;
			children = (
				9E0B75A6248986AF00B25313 /* WelcomeViewController.swift */,
				9E55BD53248A9864004F401B /* InstallationViewController.swift */,
				9E9880EA248BBAB000D78959 /* ActivationViewController.swift */,
			);
			path = Welcome;
			sourceTree = "<group>";
		};
		9E0B75A42489868B00B25313 /* Welcome */ = {
			isa = PBXGroup;
			children = (
				9E0B75A8248986BA00B25313 /* WelcomeView.swift */,
				9E55BD55248A98C8004F401B /* InstallationView.swift */,
				9E9880E8248BBAA500D78959 /* ActivationView.swift */,
			);
			path = Welcome;
			sourceTree = "<group>";
		};
		9E0B75A52489869800B25313 /* Welcome */ = {
			isa = PBXGroup;
			children = (
				9E0B75AA248986CD00B25313 /* PresenterWelcome.swift */,
				9E55BD57248A98D6004F401B /* PresenterInstallation.swift */,
				9E9880EC248BBABD00D78959 /* PresenterActivation.swift */,
			);
			path = Welcome;
			sourceTree = "<group>";
		};
		9E0B75AC24898D9700B25313 /* CustomButton */ = {
			isa = PBXGroup;
			children = (
				9E0B75AD24898DB000B25313 /* CustomButton.swift */,
				9E0B75AF24898DC100B25313 /* CustomButtonTheme.swift */,
			);
			path = CustomButton;
			sourceTree = "<group>";
		};
		9E55BD5B248ACF6D004F401B /* CustomTextFieldViews */ = {
			isa = PBXGroup;
			children = (
				9E55BD5C248ACF7A004F401B /* CustomTextField.swift */,
				9E55BD5F248ACFCC004F401B /* CustomTextFieldThemes.swift */,
				9E23F433248CED4E003D031F /* OTPTextField.swift */,
			);
			path = CustomTextFieldViews;
			sourceTree = "<group>";
		};
		9E9880DB248BAFBF00D78959 /* Alerts */ = {
			isa = PBXGroup;
			children = (
				9E9880DC248BAFCC00D78959 /* AlertPopupViewController.swift */,
			);
			path = Alerts;
			sourceTree = "<group>";
		};
		9E9880DE248BAFDA00D78959 /* Alerts */ = {
			isa = PBXGroup;
			children = (
				9E9880DF248BAFEF00D78959 /* PresenterAlertPopup.swift */,
			);
			path = Alerts;
			sourceTree = "<group>";
		};
		9E9880E1248BB00700D78959 /* Alerts */ = {
			isa = PBXGroup;
			children = (
				9E9880E2248BB01200D78959 /* AlertPopupView.swift */,
			);
			path = Alerts;
			sourceTree = "<group>";
		};
		9E9B87D1248D3425009B1448 /* Main */ = {
			isa = PBXGroup;
			children = (
				9E9B87D2248D3430009B1448 /* PresenterMain.swift */,
			);
			path = Main;
			sourceTree = "<group>";
		};
		9E9B87D4248D3443009B1448 /* Main */ = {
			isa = PBXGroup;
			children = (
				9E9B87D5248D3466009B1448 /* MainViewController.swift */,
				9E9B87EA248D360F009B1448 /* HomeViewController.swift */,
				9E9B87EC248D361A009B1448 /* AppointmentsViewController.swift */,
				9E9B87EE248D3623009B1448 /* FavoritesViewController.swift */,
				9E9B87F0248D362A009B1448 /* SettingsViewController.swift */,
			);
			path = Main;
			sourceTree = "<group>";
		};
		9E9B87DC248D3572009B1448 /* Storyboards */ = {
			isa = PBXGroup;
			children = (
				9E9B87DF248D35E0009B1448 /* Main */,
				9EB14F462485048C0085E885 /* LaunchScreen.storyboard */,
			);
			path = Storyboards;
			sourceTree = "<group>";
		};
		9E9B87DF248D35E0009B1448 /* Main */ = {
			isa = PBXGroup;
			children = (
				9E9B87E2248D35E9009B1448 /* Main.storyboard */,
				9E9B87E0248D35E9009B1448 /* Home.storyboard */,
				9E9B87E3248D35E9009B1448 /* Appointments.storyboard */,
				9E9B87E4248D35E9009B1448 /* Favorites.storyboard */,
				9E9B87E1248D35E9009B1448 /* Settings.storyboard */,
			);
			path = Main;
			sourceTree = "<group>";
		};
		9EA657C32488104E00F7952A /* Services */ = {
			isa = PBXGroup;
			children = (
				9EA657C42488105E00F7952A /* ServiceOnboarding.swift */,
				9E0B75A1248985C200B25313 /* ServiceAppFont.swift */,
				9E9880EE248BC24B00D78959 /* Preferences.swift */,
				9E9880F2248BCD8E00D78959 /* ServiceTextFieldValidation.swift */,
				9E9B87F2248D3702009B1448 /* ServiceViewController.swift */,
			);
			path = Services;
			sourceTree = "<group>";
		};
		9EA657C6248813AA00F7952A /* Models */ = {
			isa = PBXGroup;
			children = (
				9EA657C7248813B700F7952A /* ModelOnboarding.swift */,
				9E9880E4248BB9AD00D78959 /* ModelAlertPopup.swift */,
				9E9880E6248BB9E500D78959 /* User.swift */,
				9E9B87FA248D4B6A009B1448 /* AppState.swift */,
			);
			path = Models;
			sourceTree = "<group>";
		};
		9EA657CB2488149C00F7952A /* Controllers */ = {
			isa = PBXGroup;
			children = (
				9E9B87D4248D3443009B1448 /* Main */,
				9E9880DB248BAFBF00D78959 /* Alerts */,
				9E0B75A32489867D00B25313 /* Welcome */,
				9EA657CE248814C700F7952A /* OnBoarding */,
			);
			path = Controllers;
			sourceTree = "<group>";
		};
		9EA657CE248814C700F7952A /* OnBoarding */ = {
			isa = PBXGroup;
			children = (
				9EA657CC248814AE00F7952A /* OnboardingViewController.swift */,
			);
			path = OnBoarding;
			sourceTree = "<group>";
		};
		9EA657CF248814D800F7952A /* Views */ = {
			isa = PBXGroup;
			children = (
				9E9B87DC248D3572009B1448 /* Storyboards */,
				9EA6582D24881C5300F7952A /* Xibs */,
				9EA657D22488150F00F7952A /* ViewControllersViews */,
				9EA657F02488172900F7952A /* CollectionViewCellViews */,
				9EA657F32488175400F7952A /* CustomLabelViews */,
				9E0B75AC24898D9700B25313 /* CustomButton */,
				9EA658162488193000F7952A /* RoundedCustomButtonViews */,
				9E55BD5B248ACF6D004F401B /* CustomTextFieldViews */,
			);
			path = Views;
			sourceTree = "<group>";
		};
		9EA657D0248814E200F7952A /* Presenters */ = {
			isa = PBXGroup;
			children = (
				9E9B87D1248D3425009B1448 /* Main */,
				9E9880DE248BAFDA00D78959 /* Alerts */,
				9E0B75A52489869800B25313 /* Welcome */,
				9EA657E42488162000F7952A /* OnBoarding */,
			);
			path = Presenters;
			sourceTree = "<group>";
		};
		9EA657D22488150F00F7952A /* ViewControllersViews */ = {
			isa = PBXGroup;
			children = (
				9E9880E1248BB00700D78959 /* Alerts */,
				9E0B75A42489868B00B25313 /* Welcome */,
				9EA657D32488151D00F7952A /* OnBoarding */,
			);
			path = ViewControllersViews;
			sourceTree = "<group>";
		};
		9EA657D32488151D00F7952A /* OnBoarding */ = {
			isa = PBXGroup;
			children = (
				9EA657D42488152700F7952A /* OnBoardingView.swift */,
			);
			path = OnBoarding;
			sourceTree = "<group>";
		};
		9EA657D62488155700F7952A /* Utils */ = {
			isa = PBXGroup;
			children = (
				9EA657ED248816F300F7952A /* Extension+CollectionView */,
				9EA657DB2488158600F7952A /* Style */,
				9EA657D72488156200F7952A /* App */,
				9E55BD61248AD27E004F401B /* UIViewController+HideKeyboardWhenTappedAround.swift */,
				9E23F431248CD0DE003D031F /* Double+Rounded.swift */,
				9E23F435248CED7D003D031F /* OTPStackView.swift */,
			);
			path = Utils;
			sourceTree = "<group>";
		};
		9EA657D72488156200F7952A /* App */ = {
			isa = PBXGroup;
			children = (
				9EA657D82488157300F7952A /* AutoLayout.swift */,
				9EA657E52488165E00F7952A /* Notification+Name.swift */,
				9EA657E92488169200F7952A /* Storage.swift */,
			);
			path = App;
			sourceTree = "<group>";
		};
		9EA657DB2488158600F7952A /* Style */ = {
			isa = PBXGroup;
			children = (
				9EA657DC2488159400F7952A /* UIColor+Color.swift */,
				9EA657F82488179B00F7952A /* String+Localized.swift */,
				9E0B759F2489837E00B25313 /* Fonts.swift */,
				9E0B75B124898E5300B25313 /* UIButton+Underline.swift */,
				9E55BD59248AC8C1004F401B /* UIViewController+SetBackBarButton.swift */,
			);
			path = Style;
			sourceTree = "<group>";
		};
		9EA657E42488162000F7952A /* OnBoarding */ = {
			isa = PBXGroup;
			children = (
				9EA657E22488161C00F7952A /* PresenterOnboarding.swift */,
			);
			path = OnBoarding;
			sourceTree = "<group>";
		};
		9EA657ED248816F300F7952A /* Extension+CollectionView */ = {
			isa = PBXGroup;
			children = (
				9EA6581F24881A0200F7952A /* UICollectionViewExtension.swift */,
				9E25D00C24883D1D00BC8626 /* UICollectionViewFlowLayout+FlipsHorizontallyInOppositeLayoutDirection.swift */,
				9EA657EE2488170300F7952A /* UICollectionView+PresenterOnboarding.swift */,
				9EA6581D248819EA00F7952A /* UICollectionView+OnBoardingViewController.swift */,
			);
			path = "Extension+CollectionView";
			sourceTree = "<group>";
		};
		9EA657F02488172900F7952A /* CollectionViewCellViews */ = {
			isa = PBXGroup;
			children = (
				9EA657F12488173100F7952A /* OnboardingCollectionViewCell.swift */,
			);
			path = CollectionViewCellViews;
			sourceTree = "<group>";
		};
		9EA657F32488175400F7952A /* CustomLabelViews */ = {
			isa = PBXGroup;
			children = (
				9EA657F42488176000F7952A /* CustomLabel.swift */,
				9EA657F62488177600F7952A /* CustomLabelThemes.swift */,
			);
			path = CustomLabelViews;
			sourceTree = "<group>";
		};
		9EA657FA248817BA00F7952A /* Fonts */ = {
			isa = PBXGroup;
			children = (
				9EA658032488182E00F7952A /* OpenSans */,
				9EA658042488183900F7952A /* Cairo */,
				9EA6580D2488184E00F7952A /* Assistant */,
			);
			path = Fonts;
			sourceTree = "<group>";
		};
		9EA658032488182E00F7952A /* OpenSans */ = {
			isa = PBXGroup;
			children = (
				9EA657FC248817E400F7952A /* OpenSans-Bold.ttf */,
				9EA657FD248817E400F7952A /* OpenSans-Light.ttf */,
				9EA657FE248817E400F7952A /* OpenSans-Regular.ttf */,
				9EA657FB248817E400F7952A /* OpenSans-SemiBold.ttf */,
			);
			path = OpenSans;
			sourceTree = "<group>";
		};
		9EA658042488183900F7952A /* Cairo */ = {
			isa = PBXGroup;
			children = (
				9EA658052488184A00F7952A /* Cairo-Bold.ttf */,
				9EA658062488184A00F7952A /* Cairo-Light.ttf */,
				9EA658072488184A00F7952A /* Cairo-Regular.ttf */,
				9EA658082488184A00F7952A /* Cairo-SemiBold.ttf */,
			);
			path = Cairo;
			sourceTree = "<group>";
		};
		9EA6580D2488184E00F7952A /* Assistant */ = {
			isa = PBXGroup;
			children = (
				9EA658102488185B00F7952A /* Assistant-Bold.ttf */,
				9EA6580E2488185B00F7952A /* Assistant-Light.ttf */,
				9EA658112488185B00F7952A /* Assistant-Regular.ttf */,
				9EA6580F2488185B00F7952A /* Assistant-SemiBold.ttf */,
			);
			path = Assistant;
			sourceTree = "<group>";
		};
		9EA658162488193000F7952A /* RoundedCustomButtonViews */ = {
			isa = PBXGroup;
			children = (
				9EA658172488193A00F7952A /* RoundedCustomButton.swift */,
				9EA658192488194300F7952A /* RoundedCustomButtonThemes.swift */,
				9E6D16BA248A1EC100C40687 /* RoundedCustomButtonWithMargin.swift */,
			);
			path = RoundedCustomButtonViews;
			sourceTree = "<group>";
		};
		9EA6582124881AA500F7952A /* Coordinator */ = {
			isa = PBXGroup;
			children = (
				9EA6582224881AB700F7952A /* AppCoordinator.swift */,
				9EA6582624881AF000F7952A /* ScreenFactory.swift */,
				9EA6582424881ACD00F7952A /* OnBoardingCoordinator.swift */,
				9EA6582A24881BBD00F7952A /* WelcomeCoordinator.swift */,
			);
			path = Coordinator;
			sourceTree = "<group>";
		};
		9EA6582C24881C4E00F7952A /* CollectionViewNibs */ = {
			isa = PBXGroup;
			children = (
				9EA6582E24881C6300F7952A /* OnboardingCollectionViewCell.xib */,
			);
			path = CollectionViewNibs;
			sourceTree = "<group>";
		};
		9EA6582D24881C5300F7952A /* Xibs */ = {
			isa = PBXGroup;
			children = (
				9EA6582C24881C4E00F7952A /* CollectionViewNibs */,
			);
			path = Xibs;
			sourceTree = "<group>";
		};
		9EB14F2F2485048B0085E885 = {
			isa = PBXGroup;
			children = (
				9EB14F3A2485048B0085E885 /* Turno */,
				9EB14F392485048B0085E885 /* Products */,
				3F2593CE1928AAC6FA9E38DA /* Pods */,
				E9B9522BF55F13CFC4C97976 /* Frameworks */,
			);
			sourceTree = "<group>";
		};
		9EB14F392485048B0085E885 /* Products */ = {
			isa = PBXGroup;
			children = (
				9EB14F382485048B0085E885 /* Turno.app */,
			);
			name = Products;
			sourceTree = "<group>";
		};
		9EB14F3A2485048B0085E885 /* Turno */ = {
			isa = PBXGroup;
			children = (
				9EB14F3B2485048B0085E885 /* AppDelegate.swift */,
				9EB14F492485048C0085E885 /* Info.plist */,
				9EA6582124881AA500F7952A /* Coordinator */,
				9EA657CB2488149C00F7952A /* Controllers */,
				9EA657CF248814D800F7952A /* Views */,
				9EA657C6248813AA00F7952A /* Models */,
				9EA657D0248814E200F7952A /* Presenters */,
				9EA657C32488104E00F7952A /* Services */,
				9EA657D62488155700F7952A /* Utils */,
				9EB17D7124850EE6004E5FBD /* Helpers */,
				9EB17D6924850D3B004E5FBD /* Resources */,
			);
			path = Turno;
			sourceTree = "<group>";
		};
		9EB17D6924850D3B004E5FBD /* Resources */ = {
			isa = PBXGroup;
			children = (
				9EA657FA248817BA00F7952A /* Fonts */,
				9EB14F442485048C0085E885 /* Assets.xcassets */,
				9EB17D6C24850D5A004E5FBD /* Localizable.strings */,
			);
			path = Resources;
			sourceTree = "<group>";
		};
		9EB17D7124850EE6004E5FBD /* Helpers */ = {
			isa = PBXGroup;
			children = (
				9EB17D7224850EEA004E5FBD /* Constants */,
			);
			path = Helpers;
			sourceTree = "<group>";
		};
		9EB17D7224850EEA004E5FBD /* Constants */ = {
			isa = PBXGroup;
			children = (
				9EB17D7324850EF7004E5FBD /* LocalizableConstants.swift */,
				9EA657C124880CE900F7952A /* ErrorsConstants.swift */,
				9EA657C9248813D200F7952A /* AssetsConstants.swift */,
				9EA657DE248815CB00F7952A /* CellsConstants.swift */,
				9EA657E0248815DF00F7952A /* NibsConstants.swift */,
				9EA657E72488167200F7952A /* NotificationCenterConstants.swift */,
				9EA657EB248816A800F7952A /* UserDefaultsConstants.swift */,
				9E9880F0248BC28F00D78959 /* PrefsConstants.swift */,
				9E9B87F4248D374E009B1448 /* ViewControllersConstants.swift */,
				9E9B87F6248D375D009B1448 /* StoryBoardsConstants.swift */,
			);
			path = Constants;
			sourceTree = "<group>";
		};
		E9B9522BF55F13CFC4C97976 /* Frameworks */ = {
			isa = PBXGroup;
			children = (
				60536D8BBF639461D5CB90FC /* Pods_Turno.framework */,
			);
			name = Frameworks;
			sourceTree = "<group>";
		};
/* End PBXGroup section */

/* Begin PBXNativeTarget section */
		9EB14F372485048B0085E885 /* Turno */ = {
			isa = PBXNativeTarget;
			buildConfigurationList = 9EB14F4C2485048C0085E885 /* Build configuration list for PBXNativeTarget "Turno" */;
			buildPhases = (
				285735723A18C81D7A35F869 /* [CP] Check Pods Manifest.lock */,
				9EB14F4F248506FE0085E885 /* SwiftLint */,
				9EB14F342485048B0085E885 /* Sources */,
				9EB14F352485048B0085E885 /* Frameworks */,
				9EB14F362485048B0085E885 /* Resources */,
			);
			buildRules = (
			);
			dependencies = (
			);
			name = Turno;
			productName = Turno;
			productReference = 9EB14F382485048B0085E885 /* Turno.app */;
			productType = "com.apple.product-type.application";
		};
/* End PBXNativeTarget section */

/* Begin PBXProject section */
		9EB14F302485048B0085E885 /* Project object */ = {
			isa = PBXProject;
			attributes = {
				LastSwiftUpdateCheck = 1150;
				LastUpgradeCheck = 1150;
				ORGANIZATIONNAME = "Anan Sadiya";
				TargetAttributes = {
					9EB14F372485048B0085E885 = {
						CreatedOnToolsVersion = 11.5;
					};
				};
			};
			buildConfigurationList = 9EB14F332485048B0085E885 /* Build configuration list for PBXProject "Turno" */;
			compatibilityVersion = "Xcode 9.3";
			developmentRegion = en;
			hasScannedForEncodings = 0;
			knownRegions = (
				en,
				Base,
				es,
				ar,
				he,
				ru,
			);
			mainGroup = 9EB14F2F2485048B0085E885;
			productRefGroup = 9EB14F392485048B0085E885 /* Products */;
			projectDirPath = "";
			projectRoot = "";
			targets = (
				9EB14F372485048B0085E885 /* Turno */,
			);
		};
/* End PBXProject section */

/* Begin PBXResourcesBuildPhase section */
		9EB14F362485048B0085E885 /* Resources */ = {
			isa = PBXResourcesBuildPhase;
			buildActionMask = 2147483647;
			files = (
				9EA65801248817E400F7952A /* OpenSans-Light.ttf in Resources */,
				9EA6580C2488184A00F7952A /* Cairo-SemiBold.ttf in Resources */,
				9EA657FF248817E400F7952A /* OpenSans-SemiBold.ttf in Resources */,
				9EA658132488185B00F7952A /* Assistant-SemiBold.ttf in Resources */,
				9EB14F482485048C0085E885 /* LaunchScreen.storyboard in Resources */,
				9EA65802248817E400F7952A /* OpenSans-Regular.ttf in Resources */,
				9EA6582F24881C6300F7952A /* OnboardingCollectionViewCell.xib in Resources */,
				9EA6580B2488184A00F7952A /* Cairo-Regular.ttf in Resources */,
				9EA658122488185B00F7952A /* Assistant-Light.ttf in Resources */,
				9E9B87E6248D35E9009B1448 /* Settings.storyboard in Resources */,
				9EA658142488185B00F7952A /* Assistant-Bold.ttf in Resources */,
				9EB17D6A24850D5A004E5FBD /* Localizable.strings in Resources */,
				9E9B87E5248D35E9009B1448 /* Home.storyboard in Resources */,
				9EA65800248817E400F7952A /* OpenSans-Bold.ttf in Resources */,
				9EA658092488184A00F7952A /* Cairo-Bold.ttf in Resources */,
				9EA6580A2488184A00F7952A /* Cairo-Light.ttf in Resources */,
				9E9B87E9248D35E9009B1448 /* Favorites.storyboard in Resources */,
				9EA658152488185B00F7952A /* Assistant-Regular.ttf in Resources */,
				9E9B87E7248D35E9009B1448 /* Main.storyboard in Resources */,
				9E9B87E8248D35E9009B1448 /* Appointments.storyboard in Resources */,
				9EB14F452485048C0085E885 /* Assets.xcassets in Resources */,
			);
			runOnlyForDeploymentPostprocessing = 0;
		};
/* End PBXResourcesBuildPhase section */

/* Begin PBXShellScriptBuildPhase section */
		285735723A18C81D7A35F869 /* [CP] Check Pods Manifest.lock */ = {
			isa = PBXShellScriptBuildPhase;
			buildActionMask = 2147483647;
			files = (
			);
			inputFileListPaths = (
			);
			inputPaths = (
				"${PODS_PODFILE_DIR_PATH}/Podfile.lock",
				"${PODS_ROOT}/Manifest.lock",
			);
			name = "[CP] Check Pods Manifest.lock";
			outputFileListPaths = (
			);
			outputPaths = (
				"$(DERIVED_FILE_DIR)/Pods-Turno-checkManifestLockResult.txt",
			);
			runOnlyForDeploymentPostprocessing = 0;
			shellPath = /bin/sh;
			shellScript = "diff \"${PODS_PODFILE_DIR_PATH}/Podfile.lock\" \"${PODS_ROOT}/Manifest.lock\" > /dev/null\nif [ $? != 0 ] ; then\n    # print error to STDERR\n    echo \"error: The sandbox is not in sync with the Podfile.lock. Run 'pod install' or update your CocoaPods installation.\" >&2\n    exit 1\nfi\n# This output is used by Xcode 'outputs' to avoid re-running this script phase.\necho \"SUCCESS\" > \"${SCRIPT_OUTPUT_FILE_0}\"\n";
			showEnvVarsInLog = 0;
		};
		9EB14F4F248506FE0085E885 /* SwiftLint */ = {
			isa = PBXShellScriptBuildPhase;
			buildActionMask = 2147483647;
			files = (
			);
			inputFileListPaths = (
			);
			inputPaths = (
			);
			name = SwiftLint;
			outputFileListPaths = (
			);
			outputPaths = (
			);
			runOnlyForDeploymentPostprocessing = 0;
			shellPath = /bin/sh;
			shellScript = "\"${PODS_ROOT}/SwiftLint/swiftlint\"\n";
		};
/* End PBXShellScriptBuildPhase section */

/* Begin PBXSourcesBuildPhase section */
		9EB14F342485048B0085E885 /* Sources */ = {
			isa = PBXSourcesBuildPhase;
			buildActionMask = 2147483647;
			files = (
				9E9B87F5248D374E009B1448 /* ViewControllersConstants.swift in Sources */,
				9E9880DD248BAFCC00D78959 /* AlertPopupViewController.swift in Sources */,
				9EB17D7424850EF7004E5FBD /* LocalizableConstants.swift in Sources */,
				9E9880E0248BAFEF00D78959 /* PresenterAlertPopup.swift in Sources */,
				9E0B75AB248986CD00B25313 /* PresenterWelcome.swift in Sources */,
				9E0B75B024898DC100B25313 /* CustomButtonTheme.swift in Sources */,
				9EA657C224880CE900F7952A /* ErrorsConstants.swift in Sources */,
				9E9880F3248BCD8E00D78959 /* ServiceTextFieldValidation.swift in Sources */,
				9E9B87FB248D4B6A009B1448 /* AppState.swift in Sources */,
				9E55BD5D248ACF7A004F401B /* CustomTextField.swift in Sources */,
				9EA657C52488105E00F7952A /* ServiceOnboarding.swift in Sources */,
				9EA6582B24881BBD00F7952A /* WelcomeCoordinator.swift in Sources */,
				9EA657D92488157300F7952A /* AutoLayout.swift in Sources */,
				9EA6581E248819EA00F7952A /* UICollectionView+OnBoardingViewController.swift in Sources */,
				9E9B87F3248D3702009B1448 /* ServiceViewController.swift in Sources */,
				9E0B75A7248986AF00B25313 /* WelcomeViewController.swift in Sources */,
				9EB14F3C2485048B0085E885 /* AppDelegate.swift in Sources */,
				9EA658182488193A00F7952A /* RoundedCustomButton.swift in Sources */,
				9EA657CD248814AE00F7952A /* OnboardingViewController.swift in Sources */,
				9E23F436248CED7D003D031F /* OTPStackView.swift in Sources */,
				9EA657F22488173100F7952A /* OnboardingCollectionViewCell.swift in Sources */,
				9EA657E82488167200F7952A /* NotificationCenterConstants.swift in Sources */,
				9EA657E32488161C00F7952A /* PresenterOnboarding.swift in Sources */,
				9EA657D52488152700F7952A /* OnBoardingView.swift in Sources */,
				9E9B87F1248D362A009B1448 /* SettingsViewController.swift in Sources */,
				9EA6582024881A0200F7952A /* UICollectionViewExtension.swift in Sources */,
				9EA6582724881AF000F7952A /* ScreenFactory.swift in Sources */,
				9E9880ED248BBABD00D78959 /* PresenterActivation.swift in Sources */,
				9E25D00D24883D1D00BC8626 /* UICollectionViewFlowLayout+FlipsHorizontallyInOppositeLayoutDirection.swift in Sources */,
				9E55BD5A248AC8C1004F401B /* UIViewController+SetBackBarButton.swift in Sources */,
				9E9880E9248BBAA500D78959 /* ActivationView.swift in Sources */,
				9EA657CA248813D200F7952A /* AssetsConstants.swift in Sources */,
				9E0B75AE24898DB000B25313 /* CustomButton.swift in Sources */,
				9E23F432248CD0DE003D031F /* Double+Rounded.swift in Sources */,
				9E9B87EB248D360F009B1448 /* HomeViewController.swift in Sources */,
				9EA657F52488176000F7952A /* CustomLabel.swift in Sources */,
				9E9880EF248BC24B00D78959 /* Preferences.swift in Sources */,
				9EA657C8248813B700F7952A /* ModelOnboarding.swift in Sources */,
				9EA657DD2488159400F7952A /* UIColor+Color.swift in Sources */,
				9EA6582524881ACD00F7952A /* OnBoardingCoordinator.swift in Sources */,
				9E0B75A2248985C200B25313 /* ServiceAppFont.swift in Sources */,
				9E9B87F7248D375D009B1448 /* StoryBoardsConstants.swift in Sources */,
				9E23F434248CED4E003D031F /* OTPTextField.swift in Sources */,
				9EA657F72488177600F7952A /* CustomLabelThemes.swift in Sources */,
				9E9880E3248BB01200D78959 /* AlertPopupView.swift in Sources */,
				9E55BD54248A9864004F401B /* InstallationViewController.swift in Sources */,
				9E9B87EF248D3623009B1448 /* FavoritesViewController.swift in Sources */,
				9E9880E7248BB9E500D78959 /* User.swift in Sources */,
				9E0B75A02489837E00B25313 /* Fonts.swift in Sources */,
				9E6D16BB248A1EC100C40687 /* RoundedCustomButtonWithMargin.swift in Sources */,
				9EA6581A2488194300F7952A /* RoundedCustomButtonThemes.swift in Sources */,
				9E55BD58248A98D6004F401B /* PresenterInstallation.swift in Sources */,
				9E0B75B224898E5300B25313 /* UIButton+Underline.swift in Sources */,
				9EA6582324881AB700F7952A /* AppCoordinator.swift in Sources */,
				9E9B87D3248D3430009B1448 /* PresenterMain.swift in Sources */,
				9EA657E62488165E00F7952A /* Notification+Name.swift in Sources */,
				9EA657EA2488169200F7952A /* Storage.swift in Sources */,
				9E9880F1248BC28F00D78959 /* PrefsConstants.swift in Sources */,
				9EA657EF2488170300F7952A /* UICollectionView+PresenterOnboarding.swift in Sources */,
				9E55BD56248A98C8004F401B /* InstallationView.swift in Sources */,
				9E9880E5248BB9AD00D78959 /* ModelAlertPopup.swift in Sources */,
				9E9B87D6248D3466009B1448 /* MainViewController.swift in Sources */,
				9E9880EB248BBAB000D78959 /* ActivationViewController.swift in Sources */,
				9E0B75A9248986BA00B25313 /* WelcomeView.swift in Sources */,
				9E55BD62248AD27E004F401B /* UIViewController+HideKeyboardWhenTappedAround.swift in Sources */,
				9EA657EC248816A800F7952A /* UserDefaultsConstants.swift in Sources */,
				9EA657DF248815CB00F7952A /* CellsConstants.swift in Sources */,
				9E9B87ED248D361A009B1448 /* AppointmentsViewController.swift in Sources */,
				9E55BD60248ACFCC004F401B /* CustomTextFieldThemes.swift in Sources */,
				9EA657F92488179B00F7952A /* String+Localized.swift in Sources */,
				9EA657E1248815DF00F7952A /* NibsConstants.swift in Sources */,
			);
			runOnlyForDeploymentPostprocessing = 0;
		};
/* End PBXSourcesBuildPhase section */

/* Begin PBXVariantGroup section */
		9EB14F462485048C0085E885 /* LaunchScreen.storyboard */ = {
			isa = PBXVariantGroup;
			children = (
				9EB14F472485048C0085E885 /* Base */,
			);
			name = LaunchScreen.storyboard;
			sourceTree = "<group>";
		};
		9EB17D6C24850D5A004E5FBD /* Localizable.strings */ = {
			isa = PBXVariantGroup;
			children = (
				9EB17D6B24850D5A004E5FBD /* en */,
				9EB17D6D24850D62004E5FBD /* es */,
				9EB17D6E24850D68004E5FBD /* ar */,
				9EB17D6F24850D6E004E5FBD /* he */,
				9EB17D7024850D73004E5FBD /* ru */,
			);
			name = Localizable.strings;
			sourceTree = "<group>";
		};
/* End PBXVariantGroup section */

/* Begin XCBuildConfiguration section */
		9EB14F4A2485048C0085E885 /* Debug */ = {
			isa = XCBuildConfiguration;
			buildSettings = {
				ALWAYS_SEARCH_USER_PATHS = NO;
				CLANG_ANALYZER_LOCALIZABILITY_NONLOCALIZED = YES;
				CLANG_ANALYZER_NONNULL = YES;
				CLANG_ANALYZER_NUMBER_OBJECT_CONVERSION = YES_AGGRESSIVE;
				CLANG_CXX_LANGUAGE_STANDARD = "gnu++14";
				CLANG_CXX_LIBRARY = "libc++";
				CLANG_ENABLE_MODULES = YES;
				CLANG_ENABLE_OBJC_ARC = YES;
				CLANG_ENABLE_OBJC_WEAK = YES;
				CLANG_WARN_BLOCK_CAPTURE_AUTORELEASING = YES;
				CLANG_WARN_BOOL_CONVERSION = YES;
				CLANG_WARN_COMMA = YES;
				CLANG_WARN_CONSTANT_CONVERSION = YES;
				CLANG_WARN_DEPRECATED_OBJC_IMPLEMENTATIONS = YES;
				CLANG_WARN_DIRECT_OBJC_ISA_USAGE = YES_ERROR;
				CLANG_WARN_DOCUMENTATION_COMMENTS = YES;
				CLANG_WARN_EMPTY_BODY = YES;
				CLANG_WARN_ENUM_CONVERSION = YES;
				CLANG_WARN_INFINITE_RECURSION = YES;
				CLANG_WARN_INT_CONVERSION = YES;
				CLANG_WARN_NON_LITERAL_NULL_CONVERSION = YES;
				CLANG_WARN_OBJC_IMPLICIT_RETAIN_SELF = YES;
				CLANG_WARN_OBJC_LITERAL_CONVERSION = YES;
				CLANG_WARN_OBJC_ROOT_CLASS = YES_ERROR;
				CLANG_WARN_RANGE_LOOP_ANALYSIS = YES;
				CLANG_WARN_STRICT_PROTOTYPES = YES;
				CLANG_WARN_SUSPICIOUS_MOVE = YES;
				CLANG_WARN_UNGUARDED_AVAILABILITY = YES_AGGRESSIVE;
				CLANG_WARN_UNREACHABLE_CODE = YES;
				CLANG_WARN__DUPLICATE_METHOD_MATCH = YES;
				COPY_PHASE_STRIP = NO;
				DEBUG_INFORMATION_FORMAT = dwarf;
				ENABLE_STRICT_OBJC_MSGSEND = YES;
				ENABLE_TESTABILITY = YES;
				GCC_C_LANGUAGE_STANDARD = gnu11;
				GCC_DYNAMIC_NO_PIC = NO;
				GCC_NO_COMMON_BLOCKS = YES;
				GCC_OPTIMIZATION_LEVEL = 0;
				GCC_PREPROCESSOR_DEFINITIONS = (
					"DEBUG=1",
					"$(inherited)",
				);
				GCC_WARN_64_TO_32_BIT_CONVERSION = YES;
				GCC_WARN_ABOUT_RETURN_TYPE = YES_ERROR;
				GCC_WARN_UNDECLARED_SELECTOR = YES;
				GCC_WARN_UNINITIALIZED_AUTOS = YES_AGGRESSIVE;
				GCC_WARN_UNUSED_FUNCTION = YES;
				GCC_WARN_UNUSED_VARIABLE = YES;
				IPHONEOS_DEPLOYMENT_TARGET = 13.5;
				MTL_ENABLE_DEBUG_INFO = INCLUDE_SOURCE;
				MTL_FAST_MATH = YES;
				ONLY_ACTIVE_ARCH = YES;
				SDKROOT = iphoneos;
				SWIFT_ACTIVE_COMPILATION_CONDITIONS = DEBUG;
				SWIFT_OPTIMIZATION_LEVEL = "-Onone";
			};
			name = Debug;
		};
		9EB14F4B2485048C0085E885 /* Release */ = {
			isa = XCBuildConfiguration;
			buildSettings = {
				ALWAYS_SEARCH_USER_PATHS = NO;
				CLANG_ANALYZER_LOCALIZABILITY_NONLOCALIZED = YES;
				CLANG_ANALYZER_NONNULL = YES;
				CLANG_ANALYZER_NUMBER_OBJECT_CONVERSION = YES_AGGRESSIVE;
				CLANG_CXX_LANGUAGE_STANDARD = "gnu++14";
				CLANG_CXX_LIBRARY = "libc++";
				CLANG_ENABLE_MODULES = YES;
				CLANG_ENABLE_OBJC_ARC = YES;
				CLANG_ENABLE_OBJC_WEAK = YES;
				CLANG_WARN_BLOCK_CAPTURE_AUTORELEASING = YES;
				CLANG_WARN_BOOL_CONVERSION = YES;
				CLANG_WARN_COMMA = YES;
				CLANG_WARN_CONSTANT_CONVERSION = YES;
				CLANG_WARN_DEPRECATED_OBJC_IMPLEMENTATIONS = YES;
				CLANG_WARN_DIRECT_OBJC_ISA_USAGE = YES_ERROR;
				CLANG_WARN_DOCUMENTATION_COMMENTS = YES;
				CLANG_WARN_EMPTY_BODY = YES;
				CLANG_WARN_ENUM_CONVERSION = YES;
				CLANG_WARN_INFINITE_RECURSION = YES;
				CLANG_WARN_INT_CONVERSION = YES;
				CLANG_WARN_NON_LITERAL_NULL_CONVERSION = YES;
				CLANG_WARN_OBJC_IMPLICIT_RETAIN_SELF = YES;
				CLANG_WARN_OBJC_LITERAL_CONVERSION = YES;
				CLANG_WARN_OBJC_ROOT_CLASS = YES_ERROR;
				CLANG_WARN_RANGE_LOOP_ANALYSIS = YES;
				CLANG_WARN_STRICT_PROTOTYPES = YES;
				CLANG_WARN_SUSPICIOUS_MOVE = YES;
				CLANG_WARN_UNGUARDED_AVAILABILITY = YES_AGGRESSIVE;
				CLANG_WARN_UNREACHABLE_CODE = YES;
				CLANG_WARN__DUPLICATE_METHOD_MATCH = YES;
				COPY_PHASE_STRIP = NO;
				DEBUG_INFORMATION_FORMAT = "dwarf-with-dsym";
				ENABLE_NS_ASSERTIONS = NO;
				ENABLE_STRICT_OBJC_MSGSEND = YES;
				GCC_C_LANGUAGE_STANDARD = gnu11;
				GCC_NO_COMMON_BLOCKS = YES;
				GCC_WARN_64_TO_32_BIT_CONVERSION = YES;
				GCC_WARN_ABOUT_RETURN_TYPE = YES_ERROR;
				GCC_WARN_UNDECLARED_SELECTOR = YES;
				GCC_WARN_UNINITIALIZED_AUTOS = YES_AGGRESSIVE;
				GCC_WARN_UNUSED_FUNCTION = YES;
				GCC_WARN_UNUSED_VARIABLE = YES;
				IPHONEOS_DEPLOYMENT_TARGET = 13.5;
				MTL_ENABLE_DEBUG_INFO = NO;
				MTL_FAST_MATH = YES;
				SDKROOT = iphoneos;
				SWIFT_COMPILATION_MODE = wholemodule;
				SWIFT_OPTIMIZATION_LEVEL = "-O";
				VALIDATE_PRODUCT = YES;
			};
			name = Release;
		};
		9EB14F4D2485048C0085E885 /* Debug */ = {
			isa = XCBuildConfiguration;
			baseConfigurationReference = C163364AA1CFF3575881BBA7 /* Pods-Turno.debug.xcconfig */;
			buildSettings = {
				ASSETCATALOG_COMPILER_APPICON_NAME = AppIcon;
				CODE_SIGN_STYLE = Automatic;
				DEVELOPMENT_TEAM = 532Q5KBSRV;
				INFOPLIST_FILE = Turno/Info.plist;
				LD_RUNPATH_SEARCH_PATHS = (
					"$(inherited)",
					"@executable_path/Frameworks",
				);
				PRODUCT_BUNDLE_IDENTIFIER = demo.Turno;
				PRODUCT_NAME = "$(TARGET_NAME)";
				SWIFT_VERSION = 5.0;
				TARGETED_DEVICE_FAMILY = 1;
			};
			name = Debug;
		};
		9EB14F4E2485048C0085E885 /* Release */ = {
			isa = XCBuildConfiguration;
			baseConfigurationReference = 26B861CAA643CE1819EB03EB /* Pods-Turno.release.xcconfig */;
			buildSettings = {
				ASSETCATALOG_COMPILER_APPICON_NAME = AppIcon;
				CODE_SIGN_STYLE = Automatic;
				DEVELOPMENT_TEAM = 532Q5KBSRV;
				INFOPLIST_FILE = Turno/Info.plist;
				LD_RUNPATH_SEARCH_PATHS = (
					"$(inherited)",
					"@executable_path/Frameworks",
				);
				PRODUCT_BUNDLE_IDENTIFIER = demo.Turno;
				PRODUCT_NAME = "$(TARGET_NAME)";
				SWIFT_VERSION = 5.0;
				TARGETED_DEVICE_FAMILY = 1;
			};
			name = Release;
		};
/* End XCBuildConfiguration section */

/* Begin XCConfigurationList section */
		9EB14F332485048B0085E885 /* Build configuration list for PBXProject "Turno" */ = {
			isa = XCConfigurationList;
			buildConfigurations = (
				9EB14F4A2485048C0085E885 /* Debug */,
				9EB14F4B2485048C0085E885 /* Release */,
			);
			defaultConfigurationIsVisible = 0;
			defaultConfigurationName = Release;
		};
		9EB14F4C2485048C0085E885 /* Build configuration list for PBXNativeTarget "Turno" */ = {
			isa = XCConfigurationList;
			buildConfigurations = (
				9EB14F4D2485048C0085E885 /* Debug */,
				9EB14F4E2485048C0085E885 /* Release */,
			);
			defaultConfigurationIsVisible = 0;
			defaultConfigurationName = Release;
		};
/* End XCConfigurationList section */
	};
	rootObject = 9EB14F302485048B0085E885 /* Project object */;
}
